// !$*UTF8*$!
{
	archiveVersion = 1;
	classes = {
	};
	objectVersion = 55;
	objects = {

/* Begin PBXBuildFile section */
		422B2CB7276CBF04002C8AED /* AppDelegate.swift in Sources */ = {isa = PBXBuildFile; fileRef = 422B2CB6276CBF04002C8AED /* AppDelegate.swift */; };
		422B2CB9276CBF04002C8AED /* SceneDelegate.swift in Sources */ = {isa = PBXBuildFile; fileRef = 422B2CB8276CBF04002C8AED /* SceneDelegate.swift */; };
		422B2CBB276CBF04002C8AED /* ViewController.swift in Sources */ = {isa = PBXBuildFile; fileRef = 422B2CBA276CBF04002C8AED /* ViewController.swift */; };
		422B2CBE276CBF04002C8AED /* Main.storyboard in Resources */ = {isa = PBXBuildFile; fileRef = 422B2CBC276CBF04002C8AED /* Main.storyboard */; };
		422B2CC1276CBF04002C8AED /* Calendar.xcdatamodeld in Sources */ = {isa = PBXBuildFile; fileRef = 422B2CBF276CBF04002C8AED /* Calendar.xcdatamodeld */; };
		422B2CC3276CBF06002C8AED /* Assets.xcassets in Resources */ = {isa = PBXBuildFile; fileRef = 422B2CC2276CBF06002C8AED /* Assets.xcassets */; };
		422B2CC6276CBF06002C8AED /* LaunchScreen.storyboard in Resources */ = {isa = PBXBuildFile; fileRef = 422B2CC4276CBF06002C8AED /* LaunchScreen.storyboard */; };
		422B2CCF276CC132002C8AED /* CalendarHelper.swift in Sources */ = {isa = PBXBuildFile; fileRef = 422B2CCE276CC132002C8AED /* CalendarHelper.swift */; };
		422B2CD4276CC205002C8AED /* CalendarCollectionViewFlowLayout.swift in Sources */ = {isa = PBXBuildFile; fileRef = 422B2CD3276CC205002C8AED /* CalendarCollectionViewFlowLayout.swift */; };
		422B2CD6276CCB8F002C8AED /* CalendarCollectionViewDataSource.swift in Sources */ = {isa = PBXBuildFile; fileRef = 422B2CD5276CCB8F002C8AED /* CalendarCollectionViewDataSource.swift */; };
		422B2CD8276CCC87002C8AED /* CalendarCell.swift in Sources */ = {isa = PBXBuildFile; fileRef = 422B2CD7276CCC87002C8AED /* CalendarCell.swift */; };
		422B2CDB276CCCCD002C8AED /* CalendarHeader.swift in Sources */ = {isa = PBXBuildFile; fileRef = 422B2CDA276CCCCD002C8AED /* CalendarHeader.swift */; };
		422B2CDD276CCFA0002C8AED /* CalendarMonth.swift in Sources */ = {isa = PBXBuildFile; fileRef = 422B2CDC276CCFA0002C8AED /* CalendarMonth.swift */; };
		422B2CDF276CD617002C8AED /* CalendarViewController.swift in Sources */ = {isa = PBXBuildFile; fileRef = 422B2CDE276CD617002C8AED /* CalendarViewController.swift */; };
		422B2D35276CF33F002C8AED /* CalendarDay.swift in Sources */ = {isa = PBXBuildFile; fileRef = 422B2D34276CF33F002C8AED /* CalendarDay.swift */; };
/* End PBXBuildFile section */

/* Begin PBXFileReference section */
		422B2CB3276CBF04002C8AED /* Calendar.app */ = {isa = PBXFileReference; explicitFileType = wrapper.application; includeInIndex = 0; path = Calendar.app; sourceTree = BUILT_PRODUCTS_DIR; };
		422B2CB6276CBF04002C8AED /* AppDelegate.swift */ = {isa = PBXFileReference; lastKnownFileType = sourcecode.swift; path = AppDelegate.swift; sourceTree = "<group>"; };
		422B2CB8276CBF04002C8AED /* SceneDelegate.swift */ = {isa = PBXFileReference; lastKnownFileType = sourcecode.swift; path = SceneDelegate.swift; sourceTree = "<group>"; };
		422B2CBA276CBF04002C8AED /* ViewController.swift */ = {isa = PBXFileReference; lastKnownFileType = sourcecode.swift; path = ViewController.swift; sourceTree = "<group>"; };
		422B2CBD276CBF04002C8AED /* Base */ = {isa = PBXFileReference; lastKnownFileType = file.storyboard; name = Base; path = Base.lproj/Main.storyboard; sourceTree = "<group>"; };
		422B2CC0276CBF04002C8AED /* Calendar.xcdatamodel */ = {isa = PBXFileReference; lastKnownFileType = wrapper.xcdatamodel; path = Calendar.xcdatamodel; sourceTree = "<group>"; };
		422B2CC2276CBF06002C8AED /* Assets.xcassets */ = {isa = PBXFileReference; lastKnownFileType = folder.assetcatalog; path = Assets.xcassets; sourceTree = "<group>"; };
		422B2CC5276CBF06002C8AED /* Base */ = {isa = PBXFileReference; lastKnownFileType = file.storyboard; name = Base; path = Base.lproj/LaunchScreen.storyboard; sourceTree = "<group>"; };
		422B2CC7276CBF06002C8AED /* Info.plist */ = {isa = PBXFileReference; lastKnownFileType = text.plist.xml; path = Info.plist; sourceTree = "<group>"; };
		422B2CCE276CC132002C8AED /* CalendarHelper.swift */ = {isa = PBXFileReference; lastKnownFileType = sourcecode.swift; path = CalendarHelper.swift; sourceTree = "<group>"; };
		422B2CD3276CC205002C8AED /* CalendarCollectionViewFlowLayout.swift */ = {isa = PBXFileReference; lastKnownFileType = sourcecode.swift; path = CalendarCollectionViewFlowLayout.swift; sourceTree = "<group>"; };
		422B2CD5276CCB8F002C8AED /* CalendarCollectionViewDataSource.swift */ = {isa = PBXFileReference; lastKnownFileType = sourcecode.swift; path = CalendarCollectionViewDataSource.swift; sourceTree = "<group>"; };
		422B2CD7276CCC87002C8AED /* CalendarCell.swift */ = {isa = PBXFileReference; lastKnownFileType = sourcecode.swift; path = CalendarCell.swift; sourceTree = "<group>"; };
		422B2CDA276CCCCD002C8AED /* CalendarHeader.swift */ = {isa = PBXFileReference; lastKnownFileType = sourcecode.swift; path = CalendarHeader.swift; sourceTree = "<group>"; };
		422B2CDC276CCFA0002C8AED /* CalendarMonth.swift */ = {isa = PBXFileReference; lastKnownFileType = sourcecode.swift; path = CalendarMonth.swift; sourceTree = "<group>"; };
		422B2CDE276CD617002C8AED /* CalendarViewController.swift */ = {isa = PBXFileReference; lastKnownFileType = sourcecode.swift; path = CalendarViewController.swift; sourceTree = "<group>"; };
		422B2D34276CF33F002C8AED /* CalendarDay.swift */ = {isa = PBXFileReference; lastKnownFileType = sourcecode.swift; path = CalendarDay.swift; sourceTree = "<group>"; };
/* End PBXFileReference section */

/* Begin PBXFrameworksBuildPhase section */
		422B2CB0276CBF04002C8AED /* Frameworks */ = {
			isa = PBXFrameworksBuildPhase;
			buildActionMask = 2147483647;
			files = (
			);
			runOnlyForDeploymentPostprocessing = 0;
		};
/* End PBXFrameworksBuildPhase section */

/* Begin PBXGroup section */
		422B2CAA276CBF04002C8AED = {
			isa = PBXGroup;
			children = (
				422B2CB5276CBF04002C8AED /* Calendar */,
				422B2CB4276CBF04002C8AED /* Products */,
			);
			sourceTree = "<group>";
		};
		422B2CB4276CBF04002C8AED /* Products */ = {
			isa = PBXGroup;
			children = (
				422B2CB3276CBF04002C8AED /* Calendar.app */,
			);
			name = Products;
			sourceTree = "<group>";
		};
		422B2CB5276CBF04002C8AED /* Calendar */ = {
			isa = PBXGroup;
			children = (
				4238D0B4276D289F00E227F3 /* Helpers */,
				422B2CCD276CC0D4002C8AED /* Models */,
				422B2CD9276CCCB1002C8AED /* View */,
				422B2CD0276CC1CA002C8AED /* Controllers */,
				422B2CB6276CBF04002C8AED /* AppDelegate.swift */,
				422B2CB8276CBF04002C8AED /* SceneDelegate.swift */,
				422B2CBC276CBF04002C8AED /* Main.storyboard */,
				422B2CC2276CBF06002C8AED /* Assets.xcassets */,
				422B2CC4276CBF06002C8AED /* LaunchScreen.storyboard */,
				422B2CC7276CBF06002C8AED /* Info.plist */,
				422B2CBF276CBF04002C8AED /* Calendar.xcdatamodeld */,
			);
			path = Calendar;
			sourceTree = "<group>";
		};
		422B2CCD276CC0D4002C8AED /* Models */ = {
			isa = PBXGroup;
			children = (
				422B2CDC276CCFA0002C8AED /* CalendarMonth.swift */,
				422B2D34276CF33F002C8AED /* CalendarDay.swift */,
			);
			path = Models;
			sourceTree = "<group>";
		};
		422B2CD0276CC1CA002C8AED /* Controllers */ = {
			isa = PBXGroup;
			children = (
				422B2CBA276CBF04002C8AED /* ViewController.swift */,
				422B2CDE276CD617002C8AED /* CalendarViewController.swift */,
			);
			path = Controllers;
			sourceTree = "<group>";
		};
		422B2CD9276CCCB1002C8AED /* View */ = {
			isa = PBXGroup;
			children = (
				422B2CD5276CCB8F002C8AED /* CalendarCollectionViewDataSource.swift */,
				422B2CD3276CC205002C8AED /* CalendarCollectionViewFlowLayout.swift */,
				422B2CD7276CCC87002C8AED /* CalendarCell.swift */,
				422B2CDA276CCCCD002C8AED /* CalendarHeader.swift */,
			);
			path = View;
			sourceTree = "<group>";
		};
		4238D0B4276D289F00E227F3 /* Helpers */ = {
			isa = PBXGroup;
			children = (
				422B2CCE276CC132002C8AED /* CalendarHelper.swift */,
			);
			path = Helpers;
			sourceTree = "<group>";
		};
/* End PBXGroup section */

/* Begin PBXNativeTarget section */
		422B2CB2276CBF04002C8AED /* Calendar */ = {
			isa = PBXNativeTarget;
			buildConfigurationList = 422B2CCA276CBF06002C8AED /* Build configuration list for PBXNativeTarget "Calendar" */;
			buildPhases = (
				422B2CAF276CBF04002C8AED /* Sources */,
				422B2CB0276CBF04002C8AED /* Frameworks */,
				422B2CB1276CBF04002C8AED /* Resources */,
			);
			buildRules = (
			);
			dependencies = (
			);
			name = Calendar;
			productName = Calendar;
			productReference = 422B2CB3276CBF04002C8AED /* Calendar.app */;
			productType = "com.apple.product-type.application";
		};
/* End PBXNativeTarget section */

/* Begin PBXProject section */
		422B2CAB276CBF04002C8AED /* Project object */ = {
			isa = PBXProject;
			attributes = {
				BuildIndependentTargetsInParallel = 1;
				LastSwiftUpdateCheck = 1320;
				LastUpgradeCheck = 1320;
				TargetAttributes = {
					422B2CB2276CBF04002C8AED = {
						CreatedOnToolsVersion = 13.2;
					};
				};
			};
			buildConfigurationList = 422B2CAE276CBF04002C8AED /* Build configuration list for PBXProject "Calendar" */;
			compatibilityVersion = "Xcode 13.0";
			developmentRegion = en;
			hasScannedForEncodings = 0;
			knownRegions = (
				en,
				Base,
			);
			mainGroup = 422B2CAA276CBF04002C8AED;
			productRefGroup = 422B2CB4276CBF04002C8AED /* Products */;
			projectDirPath = "";
			projectRoot = "";
			targets = (
				422B2CB2276CBF04002C8AED /* Calendar */,
			);
		};
/* End PBXProject section */

/* Begin PBXResourcesBuildPhase section */
		422B2CB1276CBF04002C8AED /* Resources */ = {
			isa = PBXResourcesBuildPhase;
			buildActionMask = 2147483647;
			files = (
				422B2CC6276CBF06002C8AED /* LaunchScreen.storyboard in Resources */,
				422B2CC3276CBF06002C8AED /* Assets.xcassets in Resources */,
				422B2CBE276CBF04002C8AED /* Main.storyboard in Resources */,
			);
			runOnlyForDeploymentPostprocessing = 0;
		};
/* End PBXResourcesBuildPhase section */

/* Begin PBXSourcesBuildPhase section */
		422B2CAF276CBF04002C8AED /* Sources */ = {
			isa = PBXSourcesBuildPhase;
			buildActionMask = 2147483647;
			files = (
				422B2CD4276CC205002C8AED /* CalendarCollectionViewFlowLayout.swift in Sources */,
				422B2CBB276CBF04002C8AED /* ViewController.swift in Sources */,
				422B2CDB276CCCCD002C8AED /* CalendarHeader.swift in Sources */,
				422B2CDF276CD617002C8AED /* CalendarViewController.swift in Sources */,
				422B2CDD276CCFA0002C8AED /* CalendarMonth.swift in Sources */,
				422B2CB7276CBF04002C8AED /* AppDelegate.swift in Sources */,
				422B2CB9276CBF04002C8AED /* SceneDelegate.swift in Sources */,
				422B2CCF276CC132002C8AED /* CalendarHelper.swift in Sources */,
				422B2D35276CF33F002C8AED /* CalendarDay.swift in Sources */,
				422B2CD6276CCB8F002C8AED /* CalendarCollectionViewDataSource.swift in Sources */,
				422B2CC1276CBF04002C8AED /* Calendar.xcdatamodeld in Sources */,
				422B2CD8276CCC87002C8AED /* CalendarCell.swift in Sources */,
			);
			runOnlyForDeploymentPostprocessing = 0;
		};
/* End PBXSourcesBuildPhase section */

/* Begin PBXVariantGroup section */
		422B2CBC276CBF04002C8AED /* Main.storyboard */ = {
			isa = PBXVariantGroup;
			children = (
				422B2CBD276CBF04002C8AED /* Base */,
			);
			name = Main.storyboard;
			sourceTree = "<group>";
		};
		422B2CC4276CBF06002C8AED /* LaunchScreen.storyboard */ = {
			isa = PBXVariantGroup;
			children = (
				422B2CC5276CBF06002C8AED /* Base */,
			);
			name = LaunchScreen.storyboard;
			sourceTree = "<group>";
		};
/* End PBXVariantGroup section */

/* Begin XCBuildConfiguration section */
		422B2CC8276CBF06002C8AED /* Debug */ = {
			isa = XCBuildConfiguration;
			buildSettings = {
				ALWAYS_SEARCH_USER_PATHS = NO;
				CLANG_ANALYZER_NONNULL = YES;
				CLANG_ANALYZER_NUMBER_OBJECT_CONVERSION = YES_AGGRESSIVE;
				CLANG_CXX_LANGUAGE_STANDARD = "gnu++17";
				CLANG_CXX_LIBRARY = "libc++";
				CLANG_ENABLE_MODULES = YES;
				CLANG_ENABLE_OBJC_ARC = YES;
				CLANG_ENABLE_OBJC_WEAK = YES;
				CLANG_WARN_BLOCK_CAPTURE_AUTORELEASING = YES;
				CLANG_WARN_BOOL_CONVERSION = YES;
				CLANG_WARN_COMMA = YES;
				CLANG_WARN_CONSTANT_CONVERSION = YES;
				CLANG_WARN_DEPRECATED_OBJC_IMPLEMENTATIONS = YES;
				CLANG_WARN_DIRECT_OBJC_ISA_USAGE = YES_ERROR;
				CLANG_WARN_DOCUMENTATION_COMMENTS = YES;
				CLANG_WARN_EMPTY_BODY = YES;
				CLANG_WARN_ENUM_CONVERSION = YES;
				CLANG_WARN_INFINITE_RECURSION = YES;
				CLANG_WARN_INT_CONVERSION = YES;
				CLANG_WARN_NON_LITERAL_NULL_CONVERSION = YES;
				CLANG_WARN_OBJC_IMPLICIT_RETAIN_SELF = YES;
				CLANG_WARN_OBJC_LITERAL_CONVERSION = YES;
				CLANG_WARN_OBJC_ROOT_CLASS = YES_ERROR;
				CLANG_WARN_QUOTED_INCLUDE_IN_FRAMEWORK_HEADER = YES;
				CLANG_WARN_RANGE_LOOP_ANALYSIS = YES;
				CLANG_WARN_STRICT_PROTOTYPES = YES;
				CLANG_WARN_SUSPICIOUS_MOVE = YES;
				CLANG_WARN_UNGUARDED_AVAILABILITY = YES_AGGRESSIVE;
				CLANG_WARN_UNREACHABLE_CODE = YES;
				CLANG_WARN__DUPLICATE_METHOD_MATCH = YES;
				COPY_PHASE_STRIP = NO;
				DEBUG_INFORMATION_FORMAT = dwarf;
				ENABLE_STRICT_OBJC_MSGSEND = YES;
				ENABLE_TESTABILITY = YES;
				GCC_C_LANGUAGE_STANDARD = gnu11;
				GCC_DYNAMIC_NO_PIC = NO;
				GCC_NO_COMMON_BLOCKS = YES;
				GCC_OPTIMIZATION_LEVEL = 0;
				GCC_PREPROCESSOR_DEFINITIONS = (
					"DEBUG=1",
					"$(inherited)",
				);
				GCC_WARN_64_TO_32_BIT_CONVERSION = YES;
				GCC_WARN_ABOUT_RETURN_TYPE = YES_ERROR;
				GCC_WARN_UNDECLARED_SELECTOR = YES;
				GCC_WARN_UNINITIALIZED_AUTOS = YES_AGGRESSIVE;
				GCC_WARN_UNUSED_FUNCTION = YES;
				GCC_WARN_UNUSED_VARIABLE = YES;
				IPHONEOS_DEPLOYMENT_TARGET = 15.2;
				MTL_ENABLE_DEBUG_INFO = INCLUDE_SOURCE;
				MTL_FAST_MATH = YES;
				ONLY_ACTIVE_ARCH = YES;
				SDKROOT = iphoneos;
				SWIFT_ACTIVE_COMPILATION_CONDITIONS = DEBUG;
				SWIFT_OPTIMIZATION_LEVEL = "-Onone";
			};
			name = Debug;
		};
		422B2CC9276CBF06002C8AED /* Release */ = {
			isa = XCBuildConfiguration;
			buildSettings = {
				ALWAYS_SEARCH_USER_PATHS = NO;
				CLANG_ANALYZER_NONNULL = YES;
				CLANG_ANALYZER_NUMBER_OBJECT_CONVERSION = YES_AGGRESSIVE;
				CLANG_CXX_LANGUAGE_STANDARD = "gnu++17";
				CLANG_CXX_LIBRARY = "libc++";
				CLANG_ENABLE_MODULES = YES;
				CLANG_ENABLE_OBJC_ARC = YES;
				CLANG_ENABLE_OBJC_WEAK = YES;
				CLANG_WARN_BLOCK_CAPTURE_AUTORELEASING = YES;
				CLANG_WARN_BOOL_CONVERSION = YES;
				CLANG_WARN_COMMA = YES;
				CLANG_WARN_CONSTANT_CONVERSION = YES;
				CLANG_WARN_DEPRECATED_OBJC_IMPLEMENTATIONS = YES;
				CLANG_WARN_DIRECT_OBJC_ISA_USAGE = YES_ERROR;
				CLANG_WARN_DOCUMENTATION_COMMENTS = YES;
				CLANG_WARN_EMPTY_BODY = YES;
				CLANG_WARN_ENUM_CONVERSION = YES;
				CLANG_WARN_INFINITE_RECURSION = YES;
				CLANG_WARN_INT_CONVERSION = YES;
				CLANG_WARN_NON_LITERAL_NULL_CONVERSION = YES;
				CLANG_WARN_OBJC_IMPLICIT_RETAIN_SELF = YES;
				CLANG_WARN_OBJC_LITERAL_CONVERSION = YES;
				CLANG_WARN_OBJC_ROOT_CLASS = YES_ERROR;
				CLANG_WARN_QUOTED_INCLUDE_IN_FRAMEWORK_HEADER = YES;
				CLANG_WARN_RANGE_LOOP_ANALYSIS = YES;
				CLANG_WARN_STRICT_PROTOTYPES = YES;
				CLANG_WARN_SUSPICIOUS_MOVE = YES;
				CLANG_WARN_UNGUARDED_AVAILABILITY = YES_AGGRESSIVE;
				CLANG_WARN_UNREACHABLE_CODE = YES;
				CLANG_WARN__DUPLICATE_METHOD_MATCH = YES;
				COPY_PHASE_STRIP = NO;
				DEBUG_INFORMATION_FORMAT = "dwarf-with-dsym";
				ENABLE_NS_ASSERTIONS = NO;
				ENABLE_STRICT_OBJC_MSGSEND = YES;
				GCC_C_LANGUAGE_STANDARD = gnu11;
				GCC_NO_COMMON_BLOCKS = YES;
				GCC_WARN_64_TO_32_BIT_CONVERSION = YES;
				GCC_WARN_ABOUT_RETURN_TYPE = YES_ERROR;
				GCC_WARN_UNDECLARED_SELECTOR = YES;
				GCC_WARN_UNINITIALIZED_AUTOS = YES_AGGRESSIVE;
				GCC_WARN_UNUSED_FUNCTION = YES;
				GCC_WARN_UNUSED_VARIABLE = YES;
				IPHONEOS_DEPLOYMENT_TARGET = 15.2;
				MTL_ENABLE_DEBUG_INFO = NO;
				MTL_FAST_MATH = YES;
				SDKROOT = iphoneos;
				SWIFT_COMPILATION_MODE = wholemodule;
				SWIFT_OPTIMIZATION_LEVEL = "-O";
				VALIDATE_PRODUCT = YES;
			};
			name = Release;
		};
		422B2CCB276CBF06002C8AED /* Debug */ = {
			isa = XCBuildConfiguration;
			buildSettings = {
				ASSETCATALOG_COMPILER_APPICON_NAME = AppIcon;
				ASSETCATALOG_COMPILER_GLOBAL_ACCENT_COLOR_NAME = AccentColor;
				CODE_SIGN_STYLE = Automatic;
				CURRENT_PROJECT_VERSION = 1;
				GENERATE_INFOPLIST_FILE = YES;
				INFOPLIST_FILE = Calendar/Info.plist;
				INFOPLIST_KEY_UIApplicationSupportsIndirectInputEvents = YES;
				INFOPLIST_KEY_UILaunchStoryboardName = LaunchScreen;
				INFOPLIST_KEY_UIMainStoryboardFile = Main;
				INFOPLIST_KEY_UISupportedInterfaceOrientations = "UIInterfaceOrientationPortrait UIInterfaceOrientationLandscapeLeft UIInterfaceOrientationLandscapeRight";
				INFOPLIST_KEY_UISupportedInterfaceOrientations_iPad = "UIInterfaceOrientationPortrait UIInterfaceOrientationPortraitUpsideDown UIInterfaceOrientationLandscapeLeft UIInterfaceOrientationLandscapeRight";
				INFOPLIST_KEY_UISupportedInterfaceOrientations_iPhone = "UIInterfaceOrientationPortrait UIInterfaceOrientationLandscapeLeft UIInterfaceOrientationLandscapeRight";
				LD_RUNPATH_SEARCH_PATHS = (
					"$(inherited)",
					"@executable_path/Frameworks",
				);
				MARKETING_VERSION = 1.0;
				PRODUCT_BUNDLE_IDENTIFIER = "de.rwth-aachen.ios.WS2122.Calendar";
				PRODUCT_NAME = "$(TARGET_NAME)";
				SWIFT_EMIT_LOC_STRINGS = YES;
				SWIFT_VERSION = 5.0;
				TARGETED_DEVICE_FAMILY = "1,2";
			};
			name = Debug;
		};
		422B2CCC276CBF06002C8AED /* Release */ = {
			isa = XCBuildConfiguration;
			buildSettings = {
				ASSETCATALOG_COMPILER_APPICON_NAME = AppIcon;
				ASSETCATALOG_COMPILER_GLOBAL_ACCENT_COLOR_NAME = AccentColor;
				CODE_SIGN_STYLE = Automatic;
				CURRENT_PROJECT_VERSION = 1;
				GENERATE_INFOPLIST_FILE = YES;
				INFOPLIST_FILE = Calendar/Info.plist;
				INFOPLIST_KEY_UIApplicationSupportsIndirectInputEvents = YES;
				INFOPLIST_KEY_UILaunchStoryboardName = LaunchScreen;
				INFOPLIST_KEY_UIMainStoryboardFile = Main;
				INFOPLIST_KEY_UISupportedInterfaceOrientations = "UIInterfaceOrientationPortrait UIInterfaceOrientationLandscapeLeft UIInterfaceOrientationLandscapeRight";
				INFOPLIST_KEY_UISupportedInterfaceOrientations_iPad = "UIInterfaceOrientationPortrait UIInterfaceOrientationPortraitUpsideDown UIInterfaceOrientationLandscapeLeft UIInterfaceOrientationLandscapeRight";
				INFOPLIST_KEY_UISupportedInterfaceOrientations_iPhone = "UIInterfaceOrientationPortrait UIInterfaceOrientationLandscapeLeft UIInterfaceOrientationLandscapeRight";
				LD_RUNPATH_SEARCH_PATHS = (
					"$(inherited)",
					"@executable_path/Frameworks",
				);
				MARKETING_VERSION = 1.0;
				PRODUCT_BUNDLE_IDENTIFIER = "de.rwth-aachen.ios.WS2122.Calendar";
				PRODUCT_NAME = "$(TARGET_NAME)";
				SWIFT_EMIT_LOC_STRINGS = YES;
				SWIFT_VERSION = 5.0;
				TARGETED_DEVICE_FAMILY = "1,2";
			};
			name = Release;
		};
/* End XCBuildConfiguration section */

/* Begin XCConfigurationList section */
		422B2CAE276CBF04002C8AED /* Build configuration list for PBXProject "Calendar" */ = {
			isa = XCConfigurationList;
			buildConfigurations = (
				422B2CC8276CBF06002C8AED /* Debug */,
				422B2CC9276CBF06002C8AED /* Release */,
			);
			defaultConfigurationIsVisible = 0;
			defaultConfigurationName = Release;
		};
		422B2CCA276CBF06002C8AED /* Build configuration list for PBXNativeTarget "Calendar" */ = {
			isa = XCConfigurationList;
			buildConfigurations = (
				422B2CCB276CBF06002C8AED /* Debug */,
				422B2CCC276CBF06002C8AED /* Release */,
			);
			defaultConfigurationIsVisible = 0;
			defaultConfigurationName = Release;
		};
/* End XCConfigurationList section */

/* Begin XCVersionGroup section */
		422B2CBF276CBF04002C8AED /* Calendar.xcdatamodeld */ = {
			isa = XCVersionGroup;
			children = (
				422B2CC0276CBF04002C8AED /* Calendar.xcdatamodel */,
			);
			currentVersion = 422B2CC0276CBF04002C8AED /* Calendar.xcdatamodel */;
			path = Calendar.xcdatamodeld;
			sourceTree = "<group>";
			versionGroupType = wrapper.xcdatamodel;
		};
/* End XCVersionGroup section */
	};
	rootObject = 422B2CAB276CBF04002C8AED /* Project object */;
}
