// !$*UTF8*$!
{
	archiveVersion = 1;
	classes = {
	};
	objectVersion = 55;
	objects = {

/* Begin PBXBuildFile section */
		4216DE4C2795BCD50045362A /* CalendarWeek.swift in Sources */ = {isa = PBXBuildFile; fileRef = 4216DE4B2795BCD50045362A /* CalendarWeek.swift */; };
		421F70D427921984001ADEA0 /* WeekViewController.swift in Sources */ = {isa = PBXBuildFile; fileRef = 421F70D327921984001ADEA0 /* WeekViewController.swift */; };
		4220748927A1979F007D43AA /* UICollection.swift in Sources */ = {isa = PBXBuildFile; fileRef = 4220748827A1979F007D43AA /* UICollection.swift */; };
		4227B37527A5CDB4004689DF /* PreferenceViewDataSource.swift in Sources */ = {isa = PBXBuildFile; fileRef = 4227B37427A5CDB4004689DF /* PreferenceViewDataSource.swift */; };
		4227B37727A5D06F004689DF /* DateExtension.swift in Sources */ = {isa = PBXBuildFile; fileRef = 4227B37627A5D06F004689DF /* DateExtension.swift */; };
		422B2CB7276CBF04002C8AED /* AppDelegate.swift in Sources */ = {isa = PBXBuildFile; fileRef = 422B2CB6276CBF04002C8AED /* AppDelegate.swift */; };
		422B2CB9276CBF04002C8AED /* SceneDelegate.swift in Sources */ = {isa = PBXBuildFile; fileRef = 422B2CB8276CBF04002C8AED /* SceneDelegate.swift */; };
		422B2CBB276CBF04002C8AED /* ViewController.swift in Sources */ = {isa = PBXBuildFile; fileRef = 422B2CBA276CBF04002C8AED /* ViewController.swift */; };
		422B2CBE276CBF04002C8AED /* Main.storyboard in Resources */ = {isa = PBXBuildFile; fileRef = 422B2CBC276CBF04002C8AED /* Main.storyboard */; };
		422B2CC1276CBF04002C8AED /* Calendar.xcdatamodeld in Sources */ = {isa = PBXBuildFile; fileRef = 422B2CBF276CBF04002C8AED /* Calendar.xcdatamodeld */; };
		422B2CC3276CBF06002C8AED /* Assets.xcassets in Resources */ = {isa = PBXBuildFile; fileRef = 422B2CC2276CBF06002C8AED /* Assets.xcassets */; };
		422B2CC6276CBF06002C8AED /* LaunchScreen.storyboard in Resources */ = {isa = PBXBuildFile; fileRef = 422B2CC4276CBF06002C8AED /* LaunchScreen.storyboard */; };
		422B2CCF276CC132002C8AED /* CalendarHelper.swift in Sources */ = {isa = PBXBuildFile; fileRef = 422B2CCE276CC132002C8AED /* CalendarHelper.swift */; };
		422B2CD4276CC205002C8AED /* MonthCollectionViewFlowLayout.swift in Sources */ = {isa = PBXBuildFile; fileRef = 422B2CD3276CC205002C8AED /* MonthCollectionViewFlowLayout.swift */; };
		422B2CD6276CCB8F002C8AED /* MonthCollectionViewDataSource.swift in Sources */ = {isa = PBXBuildFile; fileRef = 422B2CD5276CCB8F002C8AED /* MonthCollectionViewDataSource.swift */; };
		422B2CD8276CCC87002C8AED /* MonthCell.swift in Sources */ = {isa = PBXBuildFile; fileRef = 422B2CD7276CCC87002C8AED /* MonthCell.swift */; };
		422B2CDB276CCCCD002C8AED /* MonthHeader.swift in Sources */ = {isa = PBXBuildFile; fileRef = 422B2CDA276CCCCD002C8AED /* MonthHeader.swift */; };
		422B2CDD276CCFA0002C8AED /* CalendarMonth.swift in Sources */ = {isa = PBXBuildFile; fileRef = 422B2CDC276CCFA0002C8AED /* CalendarMonth.swift */; };
		422B2CDF276CD617002C8AED /* MonthViewController.swift in Sources */ = {isa = PBXBuildFile; fileRef = 422B2CDE276CD617002C8AED /* MonthViewController.swift */; };
		422B2D35276CF33F002C8AED /* CalendarDay.swift in Sources */ = {isa = PBXBuildFile; fileRef = 422B2D34276CF33F002C8AED /* CalendarDay.swift */; };
		4236D904278EFB540034C01F /* CalendarViewController.swift in Sources */ = {isa = PBXBuildFile; fileRef = 4236D903278EFB540034C01F /* CalendarViewController.swift */; };
		4236D906278F0FBD0034C01F /* CalendarTabBarController.swift in Sources */ = {isa = PBXBuildFile; fileRef = 4236D905278F0FBD0034C01F /* CalendarTabBarController.swift */; };
		4236D908278F29140034C01F /* PaddingLabel.swift in Sources */ = {isa = PBXBuildFile; fileRef = 4236D907278F29140034C01F /* PaddingLabel.swift */; };
		4236D90A278F3A5A0034C01F /* YearViewController.swift in Sources */ = {isa = PBXBuildFile; fileRef = 4236D909278F3A5A0034C01F /* YearViewController.swift */; };
		4236D90C278F3E710034C01F /* YearCell.swift in Sources */ = {isa = PBXBuildFile; fileRef = 4236D90B278F3E710034C01F /* YearCell.swift */; };
		4236D90E278F41520034C01F /* YearCollectionViewDataSource.swift in Sources */ = {isa = PBXBuildFile; fileRef = 4236D90D278F41520034C01F /* YearCollectionViewDataSource.swift */; };
		4236D910278F41650034C01F /* YearCollectionViewFlowLayout.swift in Sources */ = {isa = PBXBuildFile; fileRef = 4236D90F278F41650034C01F /* YearCollectionViewFlowLayout.swift */; };
		4236D912278F42B80034C01F /* CalendarYear.swift in Sources */ = {isa = PBXBuildFile; fileRef = 4236D911278F42B80034C01F /* CalendarYear.swift */; };
		4248DA072790991700F13CD2 /* YearHeader.swift in Sources */ = {isa = PBXBuildFile; fileRef = 4248DA062790991600F13CD2 /* YearHeader.swift */; };
		4248DA092790C75300F13CD2 /* UIFontExtension.swift in Sources */ = {isa = PBXBuildFile; fileRef = 4248DA082790C75300F13CD2 /* UIFontExtension.swift */; };
		42B2BAB927A4092900B85935 /* UserDefaultsExtension.swift in Sources */ = {isa = PBXBuildFile; fileRef = 42B2BAB727A4092800B85935 /* UserDefaultsExtension.swift */; };
		42B2BABA27A4092900B85935 /* UIViewControllerExtension.swift in Sources */ = {isa = PBXBuildFile; fileRef = 42B2BAB827A4092900B85935 /* UIViewControllerExtension.swift */; };
		42B2BABC27A4093500B85935 /* ThemeHelper.swift in Sources */ = {isa = PBXBuildFile; fileRef = 42B2BABB27A4093500B85935 /* ThemeHelper.swift */; };
		42B2BAC227A4095400B85935 /* PreferenceCell.swift in Sources */ = {isa = PBXBuildFile; fileRef = 42B2BABF27A4095300B85935 /* PreferenceCell.swift */; };
		42B2BAC327A4095400B85935 /* LightPaddingLabel.swift in Sources */ = {isa = PBXBuildFile; fileRef = 42B2BAC027A4095400B85935 /* LightPaddingLabel.swift */; };
		42B2BAC427A4095400B85935 /* PreferenceHeader.swift in Sources */ = {isa = PBXBuildFile; fileRef = 42B2BAC127A4095400B85935 /* PreferenceHeader.swift */; };
		42B2BAC627A409A800B85935 /* PreferencesViewController.swift in Sources */ = {isa = PBXBuildFile; fileRef = 42B2BAC527A409A800B85935 /* PreferencesViewController.swift */; };
		42B2BAC827A412FA00B85935 /* UIImageExtension.swift in Sources */ = {isa = PBXBuildFile; fileRef = 42B2BAC727A412FA00B85935 /* UIImageExtension.swift */; };
		42B2BACE27A47DF600B85935 /* icon2.png in Resources */ = {isa = PBXBuildFile; fileRef = 42B2BACC27A47DF600B85935 /* icon2.png */; };
		42B2BACF27A47DF600B85935 /* icon.png in Resources */ = {isa = PBXBuildFile; fileRef = 42B2BACD27A47DF600B85935 /* icon.png */; };
		42B2BAD327A47E7100B85935 /* AppIcon20x20.png in Resources */ = {isa = PBXBuildFile; fileRef = 42B2BAD227A47E7100B85935 /* AppIcon20x20.png */; };
		42B2BAE527A47EB800B85935 /* AppIcon229x29@2x.png in Resources */ = {isa = PBXBuildFile; fileRef = 42B2BAD427A47EB800B85935 /* AppIcon229x29@2x.png */; };
		42B2BAE627A47EB800B85935 /* AppIcon229x29@2x-1.png in Resources */ = {isa = PBXBuildFile; fileRef = 42B2BAD527A47EB800B85935 /* AppIcon229x29@2x-1.png */; };
		42B2BAE727A47EB800B85935 /* AppIcon276x76.png in Resources */ = {isa = PBXBuildFile; fileRef = 42B2BAD627A47EB800B85935 /* AppIcon276x76.png */; };
		42B2BAE827A47EB800B85935 /* AppIcon283.5x83.5@2x.png in Resources */ = {isa = PBXBuildFile; fileRef = 42B2BAD727A47EB800B85935 /* AppIcon283.5x83.5@2x.png */; };
		42B2BAE927A47EB800B85935 /* AppIcon240x40@2x.png in Resources */ = {isa = PBXBuildFile; fileRef = 42B2BAD827A47EB800B85935 /* AppIcon240x40@2x.png */; };
		42B2BAEA27A47EB800B85935 /* AppIcon220x20@3x.png in Resources */ = {isa = PBXBuildFile; fileRef = 42B2BAD927A47EB800B85935 /* AppIcon220x20@3x.png */; };
		42B2BAEB27A47EB800B85935 /* AppIcon220x20.png in Resources */ = {isa = PBXBuildFile; fileRef = 42B2BADA27A47EB800B85935 /* AppIcon220x20.png */; };
		42B2BAEC27A47EB800B85935 /* AppIcon240x40.png in Resources */ = {isa = PBXBuildFile; fileRef = 42B2BADB27A47EB800B85935 /* AppIcon240x40.png */; };
		42B2BAED27A47EB800B85935 /* AppIcon220x20@2x-1.png in Resources */ = {isa = PBXBuildFile; fileRef = 42B2BADC27A47EB800B85935 /* AppIcon220x20@2x-1.png */; };
		42B2BAEE27A47EB800B85935 /* AppIcon260x60@3x.png in Resources */ = {isa = PBXBuildFile; fileRef = 42B2BADD27A47EB800B85935 /* AppIcon260x60@3x.png */; };
		42B2BAEF27A47EB800B85935 /* AppIcon276x76@2x.png in Resources */ = {isa = PBXBuildFile; fileRef = 42B2BADE27A47EB800B85935 /* AppIcon276x76@2x.png */; };
		42B2BAF027A47EB800B85935 /* AppIcon240x40@3x.png in Resources */ = {isa = PBXBuildFile; fileRef = 42B2BADF27A47EB800B85935 /* AppIcon240x40@3x.png */; };
		42B2BAF127A47EB800B85935 /* AppIcon229x29.png in Resources */ = {isa = PBXBuildFile; fileRef = 42B2BAE027A47EB800B85935 /* AppIcon229x29.png */; };
		42B2BAF227A47EB800B85935 /* AppIcon220x20@2x.png in Resources */ = {isa = PBXBuildFile; fileRef = 42B2BAE127A47EB800B85935 /* AppIcon220x20@2x.png */; };
		42B2BAF327A47EB800B85935 /* AppIcon240x40@2x-1.png in Resources */ = {isa = PBXBuildFile; fileRef = 42B2BAE227A47EB800B85935 /* AppIcon240x40@2x-1.png */; };
		42B2BAF427A47EB800B85935 /* AppIcon260x60@2x.png in Resources */ = {isa = PBXBuildFile; fileRef = 42B2BAE327A47EB800B85935 /* AppIcon260x60@2x.png */; };
		42B2BAF527A47EB800B85935 /* AppIcon229x29@3x.png in Resources */ = {isa = PBXBuildFile; fileRef = 42B2BAE427A47EB800B85935 /* AppIcon229x29@3x.png */; };
		42B2BB0727A47ECF00B85935 /* AppIcon40x40@3x.png in Resources */ = {isa = PBXBuildFile; fileRef = 42B2BAF627A47ECD00B85935 /* AppIcon40x40@3x.png */; };
		42B2BB0827A47ECF00B85935 /* AppIcon29x29.png in Resources */ = {isa = PBXBuildFile; fileRef = 42B2BAF727A47ECD00B85935 /* AppIcon29x29.png */; };
		42B2BB0927A47ECF00B85935 /* AppIcon60x60@2x.png in Resources */ = {isa = PBXBuildFile; fileRef = 42B2BAF827A47ECD00B85935 /* AppIcon60x60@2x.png */; };
		42B2BB0A27A47ECF00B85935 /* AppIcon29x29@2x.png in Resources */ = {isa = PBXBuildFile; fileRef = 42B2BAF927A47ECE00B85935 /* AppIcon29x29@2x.png */; };
		42B2BB0B27A47ECF00B85935 /* AppIcon20x20@3x.png in Resources */ = {isa = PBXBuildFile; fileRef = 42B2BAFA27A47ECE00B85935 /* AppIcon20x20@3x.png */; };
		42B2BB0C27A47ECF00B85935 /* AppIcon76x76.png in Resources */ = {isa = PBXBuildFile; fileRef = 42B2BAFB27A47ECE00B85935 /* AppIcon76x76.png */; };
		42B2BB0D27A47ECF00B85935 /* AppIcon40x40@2x-1.png in Resources */ = {isa = PBXBuildFile; fileRef = 42B2BAFC27A47ECE00B85935 /* AppIcon40x40@2x-1.png */; };
		42B2BB0E27A47ECF00B85935 /* AppIcon20x20@2x.png in Resources */ = {isa = PBXBuildFile; fileRef = 42B2BAFD27A47ECE00B85935 /* AppIcon20x20@2x.png */; };
		42B2BB0F27A47ECF00B85935 /* AppIcon29x29@3x.png in Resources */ = {isa = PBXBuildFile; fileRef = 42B2BAFE27A47ECE00B85935 /* AppIcon29x29@3x.png */; };
		42B2BB1027A47ECF00B85935 /* AppIcon20x20@2x-1.png in Resources */ = {isa = PBXBuildFile; fileRef = 42B2BAFF27A47ECE00B85935 /* AppIcon20x20@2x-1.png */; };
		42B2BB1127A47ECF00B85935 /* AppIcon40x40@2x.png in Resources */ = {isa = PBXBuildFile; fileRef = 42B2BB0027A47ECE00B85935 /* AppIcon40x40@2x.png */; };
		42B2BB1227A47ECF00B85935 /* AppIcon60x60@3x.png in Resources */ = {isa = PBXBuildFile; fileRef = 42B2BB0127A47ECF00B85935 /* AppIcon60x60@3x.png */; };
		42B2BB1327A47ECF00B85935 /* AppIcon76x76@2x.png in Resources */ = {isa = PBXBuildFile; fileRef = 42B2BB0227A47ECF00B85935 /* AppIcon76x76@2x.png */; };
		42B2BB1427A47ECF00B85935 /* AppIcon83.5x83.5@2x.png in Resources */ = {isa = PBXBuildFile; fileRef = 42B2BB0327A47ECF00B85935 /* AppIcon83.5x83.5@2x.png */; };
		42B2BB1527A47ECF00B85935 /* AppIcon40x40.png in Resources */ = {isa = PBXBuildFile; fileRef = 42B2BB0427A47ECF00B85935 /* AppIcon40x40.png */; };
		42B2BB1627A47ECF00B85935 /* AppIcon29x29@2x-1.png in Resources */ = {isa = PBXBuildFile; fileRef = 42B2BB0527A47ECF00B85935 /* AppIcon29x29@2x-1.png */; };
		42B2BB1727A47ECF00B85935 /* AppIconR.png in Resources */ = {isa = PBXBuildFile; fileRef = 42B2BB0627A47ECF00B85935 /* AppIconR.png */; };
		42B2BB1927A4808F00B85935 /* AppIconG.png in Resources */ = {isa = PBXBuildFile; fileRef = 42B2BB1827A4808F00B85935 /* AppIconG.png */; };
		42B2BB1B27A480EB00B85935 /* AppIconHelper.swift in Sources */ = {isa = PBXBuildFile; fileRef = 42B2BB1A27A480EB00B85935 /* AppIconHelper.swift */; };
		42BBE021279C8B0C00FAAED0 /* DayViewController.swift in Sources */ = {isa = PBXBuildFile; fileRef = 42BBE020279C8B0C00FAAED0 /* DayViewController.swift */; };
		42D2C3DD27A5A82B0007C6C1 /* FieldUILabel.swift in Sources */ = {isa = PBXBuildFile; fileRef = 42D2C3DC27A5A82A0007C6C1 /* FieldUILabel.swift */; };
		42D4AD6B27A676BC003CE711 /* EventButton.swift in Sources */ = {isa = PBXBuildFile; fileRef = 42D4AD6A27A676BC003CE711 /* EventButton.swift */; };
		42D4AD6D27A6E68E003CE711 /* UINavigationControllerExtension.swift in Sources */ = {isa = PBXBuildFile; fileRef = 42D4AD6C27A6E68E003CE711 /* UINavigationControllerExtension.swift */; };
		42D7E8C3279471ED009FB999 /* WeekDayCell.swift in Sources */ = {isa = PBXBuildFile; fileRef = 42D7E8C2279471ED009FB999 /* WeekDayCell.swift */; };
		42D7E8C7279479F9009FB999 /* EventCell.swift in Sources */ = {isa = PBXBuildFile; fileRef = 42D7E8C6279479F9009FB999 /* EventCell.swift */; };
		42D7E8C927947E92009FB999 /* WeekCollectionViewDataSource.swift in Sources */ = {isa = PBXBuildFile; fileRef = 42D7E8C827947E92009FB999 /* WeekCollectionViewDataSource.swift */; };
		42D7E8CB27947EA3009FB999 /* WeekCollectionViewFlowLayout.swift in Sources */ = {isa = PBXBuildFile; fileRef = 42D7E8CA27947EA3009FB999 /* WeekCollectionViewFlowLayout.swift */; };
		42EDD231278EAEF8008549A3 /* Constants.swift in Sources */ = {isa = PBXBuildFile; fileRef = 42EDD230278EAEF8008549A3 /* Constants.swift */; };
		42EDD233278EB1D3008549A3 /* UIColorExtension.swift in Sources */ = {isa = PBXBuildFile; fileRef = 42EDD232278EB1D3008549A3 /* UIColorExtension.swift */; };
		42FC65FB27A551AE0091CBC9 /* NSAttributedStringExtension.swift in Sources */ = {isa = PBXBuildFile; fileRef = 42FC65FA27A551AD0091CBC9 /* NSAttributedStringExtension.swift */; };
		5947038C27A034550000A6B7 /* DayCell.swift in Sources */ = {isa = PBXBuildFile; fileRef = 5947038B27A034550000A6B7 /* DayCell.swift */; };
		597A2A7527A16A38008D0B8C /* DayHeader.swift in Sources */ = {isa = PBXBuildFile; fileRef = 597A2A7427A16A38008D0B8C /* DayHeader.swift */; };
		F240D73E27945137006F5CD2 /* AddEventController.swift in Sources */ = {isa = PBXBuildFile; fileRef = F240D73D27945137006F5CD2 /* AddEventController.swift */; };
		F240D7402794519F006F5CD2 /* EventListController.swift in Sources */ = {isa = PBXBuildFile; fileRef = F240D73F2794519F006F5CD2 /* EventListController.swift */; };
		F27B65D5279A0F5600BFF8BC /* EventsStruct.swift in Sources */ = {isa = PBXBuildFile; fileRef = F27B65D4279A0F5600BFF8BC /* EventsStruct.swift */; };
		F27B65E527A6450800BFF8BC /* CopyDetailsController.swift in Sources */ = {isa = PBXBuildFile; fileRef = F27B65E427A6450700BFF8BC /* CopyDetailsController.swift */; };
		F2FFF7EA2795B991009F7CA1 /* EventDetailsController.swift in Sources */ = {isa = PBXBuildFile; fileRef = F2FFF7E92795B991009F7CA1 /* EventDetailsController.swift */; };
		F2FFF7EC2795B9B8009F7CA1 /* EditEventController.swift in Sources */ = {isa = PBXBuildFile; fileRef = F2FFF7EB2795B9B8009F7CA1 /* EditEventController.swift */; };
		FBE5029E27A06CC6001FEAEA /* TableViewCell.swift in Sources */ = {isa = PBXBuildFile; fileRef = FBE5029D27A06CC6001FEAEA /* TableViewCell.swift */; };
		FBE502A227A0A27C001FEAEA /* SearchTableViewController.swift in Sources */ = {isa = PBXBuildFile; fileRef = FBE502A127A0A27C001FEAEA /* SearchTableViewController.swift */; };
/* End PBXBuildFile section */

/* Begin PBXFileReference section */
		4216DE4B2795BCD50045362A /* CalendarWeek.swift */ = {isa = PBXFileReference; lastKnownFileType = sourcecode.swift; path = CalendarWeek.swift; sourceTree = "<group>"; };
		421F70D327921984001ADEA0 /* WeekViewController.swift */ = {isa = PBXFileReference; lastKnownFileType = sourcecode.swift; path = WeekViewController.swift; sourceTree = "<group>"; };
		4220748827A1979F007D43AA /* UICollection.swift */ = {isa = PBXFileReference; lastKnownFileType = sourcecode.swift; path = UICollection.swift; sourceTree = "<group>"; };
		4227B37427A5CDB4004689DF /* PreferenceViewDataSource.swift */ = {isa = PBXFileReference; lastKnownFileType = sourcecode.swift; path = PreferenceViewDataSource.swift; sourceTree = "<group>"; };
		4227B37627A5D06F004689DF /* DateExtension.swift */ = {isa = PBXFileReference; lastKnownFileType = sourcecode.swift; path = DateExtension.swift; sourceTree = "<group>"; };
		422B2CB3276CBF04002C8AED /* Calendar.app */ = {isa = PBXFileReference; explicitFileType = wrapper.application; includeInIndex = 0; path = Calendar.app; sourceTree = BUILT_PRODUCTS_DIR; };
		422B2CB6276CBF04002C8AED /* AppDelegate.swift */ = {isa = PBXFileReference; lastKnownFileType = sourcecode.swift; path = AppDelegate.swift; sourceTree = "<group>"; };
		422B2CB8276CBF04002C8AED /* SceneDelegate.swift */ = {isa = PBXFileReference; lastKnownFileType = sourcecode.swift; path = SceneDelegate.swift; sourceTree = "<group>"; };
		422B2CBA276CBF04002C8AED /* ViewController.swift */ = {isa = PBXFileReference; lastKnownFileType = sourcecode.swift; path = ViewController.swift; sourceTree = "<group>"; };
		422B2CBD276CBF04002C8AED /* Base */ = {isa = PBXFileReference; lastKnownFileType = file.storyboard; name = Base; path = Base.lproj/Main.storyboard; sourceTree = "<group>"; };
		422B2CC0276CBF04002C8AED /* Calendar.xcdatamodel */ = {isa = PBXFileReference; lastKnownFileType = wrapper.xcdatamodel; path = Calendar.xcdatamodel; sourceTree = "<group>"; };
		422B2CC2276CBF06002C8AED /* Assets.xcassets */ = {isa = PBXFileReference; lastKnownFileType = folder.assetcatalog; path = Assets.xcassets; sourceTree = "<group>"; };
		422B2CC5276CBF06002C8AED /* Base */ = {isa = PBXFileReference; lastKnownFileType = file.storyboard; name = Base; path = Base.lproj/LaunchScreen.storyboard; sourceTree = "<group>"; };
		422B2CC7276CBF06002C8AED /* Info.plist */ = {isa = PBXFileReference; lastKnownFileType = text.plist.xml; path = Info.plist; sourceTree = "<group>"; };
		422B2CCE276CC132002C8AED /* CalendarHelper.swift */ = {isa = PBXFileReference; lastKnownFileType = sourcecode.swift; path = CalendarHelper.swift; sourceTree = "<group>"; };
		422B2CD3276CC205002C8AED /* MonthCollectionViewFlowLayout.swift */ = {isa = PBXFileReference; lastKnownFileType = sourcecode.swift; path = MonthCollectionViewFlowLayout.swift; sourceTree = "<group>"; };
		422B2CD5276CCB8F002C8AED /* MonthCollectionViewDataSource.swift */ = {isa = PBXFileReference; lastKnownFileType = sourcecode.swift; path = MonthCollectionViewDataSource.swift; sourceTree = "<group>"; wrapsLines = 1; };
		422B2CD7276CCC87002C8AED /* MonthCell.swift */ = {isa = PBXFileReference; lastKnownFileType = sourcecode.swift; path = MonthCell.swift; sourceTree = "<group>"; };
		422B2CDA276CCCCD002C8AED /* MonthHeader.swift */ = {isa = PBXFileReference; lastKnownFileType = sourcecode.swift; path = MonthHeader.swift; sourceTree = "<group>"; };
		422B2CDC276CCFA0002C8AED /* CalendarMonth.swift */ = {isa = PBXFileReference; lastKnownFileType = sourcecode.swift; path = CalendarMonth.swift; sourceTree = "<group>"; };
		422B2CDE276CD617002C8AED /* MonthViewController.swift */ = {isa = PBXFileReference; lastKnownFileType = sourcecode.swift; path = MonthViewController.swift; sourceTree = "<group>"; };
		422B2D34276CF33F002C8AED /* CalendarDay.swift */ = {isa = PBXFileReference; lastKnownFileType = sourcecode.swift; path = CalendarDay.swift; sourceTree = "<group>"; };
		4236D903278EFB540034C01F /* CalendarViewController.swift */ = {isa = PBXFileReference; lastKnownFileType = sourcecode.swift; path = CalendarViewController.swift; sourceTree = "<group>"; };
		4236D905278F0FBD0034C01F /* CalendarTabBarController.swift */ = {isa = PBXFileReference; lastKnownFileType = sourcecode.swift; path = CalendarTabBarController.swift; sourceTree = "<group>"; };
		4236D907278F29140034C01F /* PaddingLabel.swift */ = {isa = PBXFileReference; lastKnownFileType = sourcecode.swift; path = PaddingLabel.swift; sourceTree = "<group>"; };
		4236D909278F3A5A0034C01F /* YearViewController.swift */ = {isa = PBXFileReference; lastKnownFileType = sourcecode.swift; path = YearViewController.swift; sourceTree = "<group>"; };
		4236D90B278F3E710034C01F /* YearCell.swift */ = {isa = PBXFileReference; lastKnownFileType = sourcecode.swift; path = YearCell.swift; sourceTree = "<group>"; };
		4236D90D278F41520034C01F /* YearCollectionViewDataSource.swift */ = {isa = PBXFileReference; lastKnownFileType = sourcecode.swift; path = YearCollectionViewDataSource.swift; sourceTree = "<group>"; };
		4236D90F278F41650034C01F /* YearCollectionViewFlowLayout.swift */ = {isa = PBXFileReference; lastKnownFileType = sourcecode.swift; path = YearCollectionViewFlowLayout.swift; sourceTree = "<group>"; };
		4236D911278F42B80034C01F /* CalendarYear.swift */ = {isa = PBXFileReference; lastKnownFileType = sourcecode.swift; path = CalendarYear.swift; sourceTree = "<group>"; };
		4248DA062790991600F13CD2 /* YearHeader.swift */ = {isa = PBXFileReference; lastKnownFileType = sourcecode.swift; path = YearHeader.swift; sourceTree = "<group>"; };
		4248DA082790C75300F13CD2 /* UIFontExtension.swift */ = {isa = PBXFileReference; lastKnownFileType = sourcecode.swift; path = UIFontExtension.swift; sourceTree = "<group>"; };
		42B2BAB727A4092800B85935 /* UserDefaultsExtension.swift */ = {isa = PBXFileReference; fileEncoding = 4; lastKnownFileType = sourcecode.swift; path = UserDefaultsExtension.swift; sourceTree = "<group>"; };
		42B2BAB827A4092900B85935 /* UIViewControllerExtension.swift */ = {isa = PBXFileReference; fileEncoding = 4; lastKnownFileType = sourcecode.swift; path = UIViewControllerExtension.swift; sourceTree = "<group>"; };
		42B2BABB27A4093500B85935 /* ThemeHelper.swift */ = {isa = PBXFileReference; fileEncoding = 4; lastKnownFileType = sourcecode.swift; path = ThemeHelper.swift; sourceTree = "<group>"; };
		42B2BABF27A4095300B85935 /* PreferenceCell.swift */ = {isa = PBXFileReference; fileEncoding = 4; lastKnownFileType = sourcecode.swift; path = PreferenceCell.swift; sourceTree = "<group>"; };
		42B2BAC027A4095400B85935 /* LightPaddingLabel.swift */ = {isa = PBXFileReference; fileEncoding = 4; lastKnownFileType = sourcecode.swift; path = LightPaddingLabel.swift; sourceTree = "<group>"; };
		42B2BAC127A4095400B85935 /* PreferenceHeader.swift */ = {isa = PBXFileReference; fileEncoding = 4; lastKnownFileType = sourcecode.swift; path = PreferenceHeader.swift; sourceTree = "<group>"; };
		42B2BAC527A409A800B85935 /* PreferencesViewController.swift */ = {isa = PBXFileReference; fileEncoding = 4; lastKnownFileType = sourcecode.swift; path = PreferencesViewController.swift; sourceTree = "<group>"; };
		42B2BAC727A412FA00B85935 /* UIImageExtension.swift */ = {isa = PBXFileReference; lastKnownFileType = sourcecode.swift; path = UIImageExtension.swift; sourceTree = "<group>"; };
		42B2BACC27A47DF600B85935 /* icon2.png */ = {isa = PBXFileReference; lastKnownFileType = image.png; name = icon2.png; path = Calendar/icon2.png; sourceTree = SOURCE_ROOT; };
		42B2BACD27A47DF600B85935 /* icon.png */ = {isa = PBXFileReference; lastKnownFileType = image.png; name = icon.png; path = Calendar/icon.png; sourceTree = SOURCE_ROOT; };
		42B2BAD227A47E7100B85935 /* AppIcon20x20.png */ = {isa = PBXFileReference; lastKnownFileType = image.png; path = AppIcon20x20.png; sourceTree = "<group>"; };
		42B2BAD427A47EB800B85935 /* AppIcon229x29@2x.png */ = {isa = PBXFileReference; lastKnownFileType = image.png; path = "AppIcon229x29@2x.png"; sourceTree = "<group>"; };
		42B2BAD527A47EB800B85935 /* AppIcon229x29@2x-1.png */ = {isa = PBXFileReference; lastKnownFileType = image.png; path = "AppIcon229x29@2x-1.png"; sourceTree = "<group>"; };
		42B2BAD627A47EB800B85935 /* AppIcon276x76.png */ = {isa = PBXFileReference; lastKnownFileType = image.png; path = AppIcon276x76.png; sourceTree = "<group>"; };
		42B2BAD727A47EB800B85935 /* AppIcon283.5x83.5@2x.png */ = {isa = PBXFileReference; lastKnownFileType = image.png; path = "AppIcon283.5x83.5@2x.png"; sourceTree = "<group>"; };
		42B2BAD827A47EB800B85935 /* AppIcon240x40@2x.png */ = {isa = PBXFileReference; lastKnownFileType = image.png; path = "AppIcon240x40@2x.png"; sourceTree = "<group>"; };
		42B2BAD927A47EB800B85935 /* AppIcon220x20@3x.png */ = {isa = PBXFileReference; lastKnownFileType = image.png; path = "AppIcon220x20@3x.png"; sourceTree = "<group>"; };
		42B2BADA27A47EB800B85935 /* AppIcon220x20.png */ = {isa = PBXFileReference; lastKnownFileType = image.png; path = AppIcon220x20.png; sourceTree = "<group>"; };
		42B2BADB27A47EB800B85935 /* AppIcon240x40.png */ = {isa = PBXFileReference; lastKnownFileType = image.png; path = AppIcon240x40.png; sourceTree = "<group>"; };
		42B2BADC27A47EB800B85935 /* AppIcon220x20@2x-1.png */ = {isa = PBXFileReference; lastKnownFileType = image.png; path = "AppIcon220x20@2x-1.png"; sourceTree = "<group>"; };
		42B2BADD27A47EB800B85935 /* AppIcon260x60@3x.png */ = {isa = PBXFileReference; lastKnownFileType = image.png; path = "AppIcon260x60@3x.png"; sourceTree = "<group>"; };
		42B2BADE27A47EB800B85935 /* AppIcon276x76@2x.png */ = {isa = PBXFileReference; lastKnownFileType = image.png; path = "AppIcon276x76@2x.png"; sourceTree = "<group>"; };
		42B2BADF27A47EB800B85935 /* AppIcon240x40@3x.png */ = {isa = PBXFileReference; lastKnownFileType = image.png; path = "AppIcon240x40@3x.png"; sourceTree = "<group>"; };
		42B2BAE027A47EB800B85935 /* AppIcon229x29.png */ = {isa = PBXFileReference; lastKnownFileType = image.png; path = AppIcon229x29.png; sourceTree = "<group>"; };
		42B2BAE127A47EB800B85935 /* AppIcon220x20@2x.png */ = {isa = PBXFileReference; lastKnownFileType = image.png; path = "AppIcon220x20@2x.png"; sourceTree = "<group>"; };
		42B2BAE227A47EB800B85935 /* AppIcon240x40@2x-1.png */ = {isa = PBXFileReference; lastKnownFileType = image.png; path = "AppIcon240x40@2x-1.png"; sourceTree = "<group>"; };
		42B2BAE327A47EB800B85935 /* AppIcon260x60@2x.png */ = {isa = PBXFileReference; lastKnownFileType = image.png; path = "AppIcon260x60@2x.png"; sourceTree = "<group>"; };
		42B2BAE427A47EB800B85935 /* AppIcon229x29@3x.png */ = {isa = PBXFileReference; lastKnownFileType = image.png; path = "AppIcon229x29@3x.png"; sourceTree = "<group>"; };
		42B2BAF627A47ECD00B85935 /* AppIcon40x40@3x.png */ = {isa = PBXFileReference; lastKnownFileType = image.png; path = "AppIcon40x40@3x.png"; sourceTree = "<group>"; };
		42B2BAF727A47ECD00B85935 /* AppIcon29x29.png */ = {isa = PBXFileReference; lastKnownFileType = image.png; path = AppIcon29x29.png; sourceTree = "<group>"; };
		42B2BAF827A47ECD00B85935 /* AppIcon60x60@2x.png */ = {isa = PBXFileReference; lastKnownFileType = image.png; path = "AppIcon60x60@2x.png"; sourceTree = "<group>"; };
		42B2BAF927A47ECE00B85935 /* AppIcon29x29@2x.png */ = {isa = PBXFileReference; lastKnownFileType = image.png; path = "AppIcon29x29@2x.png"; sourceTree = "<group>"; };
		42B2BAFA27A47ECE00B85935 /* AppIcon20x20@3x.png */ = {isa = PBXFileReference; lastKnownFileType = image.png; path = "AppIcon20x20@3x.png"; sourceTree = "<group>"; };
		42B2BAFB27A47ECE00B85935 /* AppIcon76x76.png */ = {isa = PBXFileReference; lastKnownFileType = image.png; path = AppIcon76x76.png; sourceTree = "<group>"; };
		42B2BAFC27A47ECE00B85935 /* AppIcon40x40@2x-1.png */ = {isa = PBXFileReference; lastKnownFileType = image.png; path = "AppIcon40x40@2x-1.png"; sourceTree = "<group>"; };
		42B2BAFD27A47ECE00B85935 /* AppIcon20x20@2x.png */ = {isa = PBXFileReference; lastKnownFileType = image.png; path = "AppIcon20x20@2x.png"; sourceTree = "<group>"; };
		42B2BAFE27A47ECE00B85935 /* AppIcon29x29@3x.png */ = {isa = PBXFileReference; lastKnownFileType = image.png; path = "AppIcon29x29@3x.png"; sourceTree = "<group>"; };
		42B2BAFF27A47ECE00B85935 /* AppIcon20x20@2x-1.png */ = {isa = PBXFileReference; lastKnownFileType = image.png; path = "AppIcon20x20@2x-1.png"; sourceTree = "<group>"; };
		42B2BB0027A47ECE00B85935 /* AppIcon40x40@2x.png */ = {isa = PBXFileReference; lastKnownFileType = image.png; path = "AppIcon40x40@2x.png"; sourceTree = "<group>"; };
		42B2BB0127A47ECF00B85935 /* AppIcon60x60@3x.png */ = {isa = PBXFileReference; lastKnownFileType = image.png; path = "AppIcon60x60@3x.png"; sourceTree = "<group>"; };
		42B2BB0227A47ECF00B85935 /* AppIcon76x76@2x.png */ = {isa = PBXFileReference; lastKnownFileType = image.png; path = "AppIcon76x76@2x.png"; sourceTree = "<group>"; };
		42B2BB0327A47ECF00B85935 /* AppIcon83.5x83.5@2x.png */ = {isa = PBXFileReference; lastKnownFileType = image.png; path = "AppIcon83.5x83.5@2x.png"; sourceTree = "<group>"; };
		42B2BB0427A47ECF00B85935 /* AppIcon40x40.png */ = {isa = PBXFileReference; lastKnownFileType = image.png; path = AppIcon40x40.png; sourceTree = "<group>"; };
		42B2BB0527A47ECF00B85935 /* AppIcon29x29@2x-1.png */ = {isa = PBXFileReference; lastKnownFileType = image.png; path = "AppIcon29x29@2x-1.png"; sourceTree = "<group>"; };
		42B2BB0627A47ECF00B85935 /* AppIconR.png */ = {isa = PBXFileReference; lastKnownFileType = image.png; path = AppIconR.png; sourceTree = "<group>"; };
		42B2BB1827A4808F00B85935 /* AppIconG.png */ = {isa = PBXFileReference; lastKnownFileType = image.png; path = AppIconG.png; sourceTree = "<group>"; };
		42B2BB1A27A480EB00B85935 /* AppIconHelper.swift */ = {isa = PBXFileReference; lastKnownFileType = sourcecode.swift; path = AppIconHelper.swift; sourceTree = "<group>"; };
		42BBE020279C8B0C00FAAED0 /* DayViewController.swift */ = {isa = PBXFileReference; lastKnownFileType = sourcecode.swift; path = DayViewController.swift; sourceTree = "<group>"; };
		42D2C3DC27A5A82A0007C6C1 /* FieldUILabel.swift */ = {isa = PBXFileReference; lastKnownFileType = sourcecode.swift; path = FieldUILabel.swift; sourceTree = "<group>"; };
		42D4AD6A27A676BC003CE711 /* EventButton.swift */ = {isa = PBXFileReference; lastKnownFileType = sourcecode.swift; path = EventButton.swift; sourceTree = "<group>"; };
		42D4AD6C27A6E68E003CE711 /* UINavigationControllerExtension.swift */ = {isa = PBXFileReference; lastKnownFileType = sourcecode.swift; path = UINavigationControllerExtension.swift; sourceTree = "<group>"; };
		42D7E8C2279471ED009FB999 /* WeekDayCell.swift */ = {isa = PBXFileReference; lastKnownFileType = sourcecode.swift; path = WeekDayCell.swift; sourceTree = "<group>"; };
		42D7E8C6279479F9009FB999 /* EventCell.swift */ = {isa = PBXFileReference; lastKnownFileType = sourcecode.swift; path = EventCell.swift; sourceTree = "<group>"; };
		42D7E8C827947E92009FB999 /* WeekCollectionViewDataSource.swift */ = {isa = PBXFileReference; lastKnownFileType = sourcecode.swift; path = WeekCollectionViewDataSource.swift; sourceTree = "<group>"; };
		42D7E8CA27947EA3009FB999 /* WeekCollectionViewFlowLayout.swift */ = {isa = PBXFileReference; lastKnownFileType = sourcecode.swift; path = WeekCollectionViewFlowLayout.swift; sourceTree = "<group>"; };
		42EDD230278EAEF8008549A3 /* Constants.swift */ = {isa = PBXFileReference; lastKnownFileType = sourcecode.swift; path = Constants.swift; sourceTree = "<group>"; };
		42EDD232278EB1D3008549A3 /* UIColorExtension.swift */ = {isa = PBXFileReference; lastKnownFileType = sourcecode.swift; path = UIColorExtension.swift; sourceTree = "<group>"; };
		42FC65FA27A551AD0091CBC9 /* NSAttributedStringExtension.swift */ = {isa = PBXFileReference; lastKnownFileType = sourcecode.swift; path = NSAttributedStringExtension.swift; sourceTree = "<group>"; };
		5947038B27A034550000A6B7 /* DayCell.swift */ = {isa = PBXFileReference; lastKnownFileType = sourcecode.swift; path = DayCell.swift; sourceTree = "<group>"; };
		597A2A7427A16A38008D0B8C /* DayHeader.swift */ = {isa = PBXFileReference; lastKnownFileType = sourcecode.swift; path = DayHeader.swift; sourceTree = "<group>"; };
		F240D73D27945137006F5CD2 /* AddEventController.swift */ = {isa = PBXFileReference; lastKnownFileType = sourcecode.swift; path = AddEventController.swift; sourceTree = "<group>"; };
		F240D73F2794519F006F5CD2 /* EventListController.swift */ = {isa = PBXFileReference; lastKnownFileType = sourcecode.swift; path = EventListController.swift; sourceTree = "<group>"; };
		F27B65D4279A0F5600BFF8BC /* EventsStruct.swift */ = {isa = PBXFileReference; lastKnownFileType = sourcecode.swift; path = EventsStruct.swift; sourceTree = "<group>"; };
		F27B65DF27A5D26100BFF8BC /* Calendar.entitlements */ = {isa = PBXFileReference; lastKnownFileType = text.plist.entitlements; path = Calendar.entitlements; sourceTree = "<group>"; };
		F27B65E427A6450700BFF8BC /* CopyDetailsController.swift */ = {isa = PBXFileReference; lastKnownFileType = sourcecode.swift; path = CopyDetailsController.swift; sourceTree = "<group>"; };
		F2FFF7E92795B991009F7CA1 /* EventDetailsController.swift */ = {isa = PBXFileReference; lastKnownFileType = sourcecode.swift; path = EventDetailsController.swift; sourceTree = "<group>"; };
		F2FFF7EB2795B9B8009F7CA1 /* EditEventController.swift */ = {isa = PBXFileReference; lastKnownFileType = sourcecode.swift; path = EditEventController.swift; sourceTree = "<group>"; };
		FBE5029D27A06CC6001FEAEA /* TableViewCell.swift */ = {isa = PBXFileReference; lastKnownFileType = sourcecode.swift; path = TableViewCell.swift; sourceTree = "<group>"; };
		FBE502A127A0A27C001FEAEA /* SearchTableViewController.swift */ = {isa = PBXFileReference; lastKnownFileType = sourcecode.swift; path = SearchTableViewController.swift; sourceTree = "<group>"; };
/* End PBXFileReference section */

/* Begin PBXFrameworksBuildPhase section */
		422B2CB0276CBF04002C8AED /* Frameworks */ = {
			isa = PBXFrameworksBuildPhase;
			buildActionMask = 2147483647;
			files = (
			);
			runOnlyForDeploymentPostprocessing = 0;
		};
/* End PBXFrameworksBuildPhase section */

/* Begin PBXGroup section */
		422B2CAA276CBF04002C8AED = {
			isa = PBXGroup;
			children = (
				422B2CB5276CBF04002C8AED /* Calendar */,
				422B2CB4276CBF04002C8AED /* Products */,
			);
			sourceTree = "<group>";
		};
		422B2CB4276CBF04002C8AED /* Products */ = {
			isa = PBXGroup;
			children = (
				422B2CB3276CBF04002C8AED /* Calendar.app */,
			);
			name = Products;
			sourceTree = "<group>";
		};
		422B2CB5276CBF04002C8AED /* Calendar */ = {
			isa = PBXGroup;
			children = (
				F27B65DF27A5D26100BFF8BC /* Calendar.entitlements */,
				42B2BACB27A47DD600B85935 /* Images */,
				42EDD22D278EADB3008549A3 /* Extensions */,
				4238D0B4276D289F00E227F3 /* Helpers */,
				422B2CCD276CC0D4002C8AED /* Models */,
				422B2CD9276CCCB1002C8AED /* View */,
				422B2CD0276CC1CA002C8AED /* Controllers */,
				422B2CB6276CBF04002C8AED /* AppDelegate.swift */,
				422B2CB8276CBF04002C8AED /* SceneDelegate.swift */,
				422B2CBC276CBF04002C8AED /* Main.storyboard */,
				422B2CC2276CBF06002C8AED /* Assets.xcassets */,
				422B2CC4276CBF06002C8AED /* LaunchScreen.storyboard */,
				422B2CC7276CBF06002C8AED /* Info.plist */,
				422B2CBF276CBF04002C8AED /* Calendar.xcdatamodeld */,
			);
			path = Calendar;
			sourceTree = "<group>";
		};
		422B2CCD276CC0D4002C8AED /* Models */ = {
			isa = PBXGroup;
			children = (
				4216DE4B2795BCD50045362A /* CalendarWeek.swift */,
				4236D911278F42B80034C01F /* CalendarYear.swift */,
				422B2CDC276CCFA0002C8AED /* CalendarMonth.swift */,
				422B2D34276CF33F002C8AED /* CalendarDay.swift */,
				42EDD230278EAEF8008549A3 /* Constants.swift */,
				F27B65D4279A0F5600BFF8BC /* EventsStruct.swift */,
			);
			path = Models;
			sourceTree = "<group>";
		};
		422B2CD0276CC1CA002C8AED /* Controllers */ = {
			isa = PBXGroup;
			children = (
				422B2CBA276CBF04002C8AED /* ViewController.swift */,
				42BBE020279C8B0C00FAAED0 /* DayViewController.swift */,
				421F70D327921984001ADEA0 /* WeekViewController.swift */,
				422B2CDE276CD617002C8AED /* MonthViewController.swift */,
				4236D909278F3A5A0034C01F /* YearViewController.swift */,
				4236D903278EFB540034C01F /* CalendarViewController.swift */,
				4236D905278F0FBD0034C01F /* CalendarTabBarController.swift */,
				F240D73D27945137006F5CD2 /* AddEventController.swift */,
				F240D73F2794519F006F5CD2 /* EventListController.swift */,
				F2FFF7E92795B991009F7CA1 /* EventDetailsController.swift */,
				F2FFF7EB2795B9B8009F7CA1 /* EditEventController.swift */,
				FBE502A127A0A27C001FEAEA /* SearchTableViewController.swift */,
				42B2BAC527A409A800B85935 /* PreferencesViewController.swift */,
				F27B65E427A6450700BFF8BC /* CopyDetailsController.swift */,
			);
			path = Controllers;
			sourceTree = "<group>";
		};
		422B2CD9276CCCB1002C8AED /* View */ = {
			isa = PBXGroup;
			children = (
				42D7E8C2279471ED009FB999 /* WeekDayCell.swift */,
				42D7E8C6279479F9009FB999 /* EventCell.swift */,
				42D7E8C827947E92009FB999 /* WeekCollectionViewDataSource.swift */,
				42D7E8CA27947EA3009FB999 /* WeekCollectionViewFlowLayout.swift */,
				422B2CD7276CCC87002C8AED /* MonthCell.swift */,
				422B2CDA276CCCCD002C8AED /* MonthHeader.swift */,
				422B2CD5276CCB8F002C8AED /* MonthCollectionViewDataSource.swift */,
				422B2CD3276CC205002C8AED /* MonthCollectionViewFlowLayout.swift */,
				FBE5029D27A06CC6001FEAEA /* TableViewCell.swift */,
				4236D90B278F3E710034C01F /* YearCell.swift */,
				4248DA062790991600F13CD2 /* YearHeader.swift */,
				4236D90D278F41520034C01F /* YearCollectionViewDataSource.swift */,
				4236D90F278F41650034C01F /* YearCollectionViewFlowLayout.swift */,
				5947038B27A034550000A6B7 /* DayCell.swift */,
				597A2A7427A16A38008D0B8C /* DayHeader.swift */,
				42B2BABF27A4095300B85935 /* PreferenceCell.swift */,
				42B2BAC127A4095400B85935 /* PreferenceHeader.swift */,
				4227B37427A5CDB4004689DF /* PreferenceViewDataSource.swift */,
			);
			path = View;
			sourceTree = "<group>";
		};
		4238D0B4276D289F00E227F3 /* Helpers */ = {
			isa = PBXGroup;
			children = (
				422B2CCE276CC132002C8AED /* CalendarHelper.swift */,
				42B2BABB27A4093500B85935 /* ThemeHelper.swift */,
				42B2BB1A27A480EB00B85935 /* AppIconHelper.swift */,
			);
			path = Helpers;
			sourceTree = "<group>";
		};
		42B2BACB27A47DD600B85935 /* Images */ = {
			isa = PBXGroup;
			children = (
				42B2BAD127A47E2A00B85935 /* RedAppIcon */,
				42B2BAD027A47E1500B85935 /* GreenAppIcon */,
				42B2BACD27A47DF600B85935 /* icon.png */,
				42B2BACC27A47DF600B85935 /* icon2.png */,
			);
			path = Images;
			sourceTree = "<group>";
		};
		42B2BAD027A47E1500B85935 /* GreenAppIcon */ = {
			isa = PBXGroup;
			children = (
				42B2BADA27A47EB800B85935 /* AppIcon220x20.png */,
				42B2BADC27A47EB800B85935 /* AppIcon220x20@2x-1.png */,
				42B2BAE127A47EB800B85935 /* AppIcon220x20@2x.png */,
				42B2BAD927A47EB800B85935 /* AppIcon220x20@3x.png */,
				42B2BAE027A47EB800B85935 /* AppIcon229x29.png */,
				42B2BAD527A47EB800B85935 /* AppIcon229x29@2x-1.png */,
				42B2BAD427A47EB800B85935 /* AppIcon229x29@2x.png */,
				42B2BAE427A47EB800B85935 /* AppIcon229x29@3x.png */,
				42B2BADB27A47EB800B85935 /* AppIcon240x40.png */,
				42B2BAE227A47EB800B85935 /* AppIcon240x40@2x-1.png */,
				42B2BAD827A47EB800B85935 /* AppIcon240x40@2x.png */,
				42B2BADF27A47EB800B85935 /* AppIcon240x40@3x.png */,
				42B2BAE327A47EB800B85935 /* AppIcon260x60@2x.png */,
				42B2BADD27A47EB800B85935 /* AppIcon260x60@3x.png */,
				42B2BAD627A47EB800B85935 /* AppIcon276x76.png */,
				42B2BADE27A47EB800B85935 /* AppIcon276x76@2x.png */,
				42B2BAD727A47EB800B85935 /* AppIcon283.5x83.5@2x.png */,
				42B2BB1827A4808F00B85935 /* AppIconG.png */,
			);
			path = GreenAppIcon;
			sourceTree = "<group>";
		};
		42B2BAD127A47E2A00B85935 /* RedAppIcon */ = {
			isa = PBXGroup;
			children = (
				42B2BAD227A47E7100B85935 /* AppIcon20x20.png */,
				42B2BAFF27A47ECE00B85935 /* AppIcon20x20@2x-1.png */,
				42B2BAFD27A47ECE00B85935 /* AppIcon20x20@2x.png */,
				42B2BAFA27A47ECE00B85935 /* AppIcon20x20@3x.png */,
				42B2BAF727A47ECD00B85935 /* AppIcon29x29.png */,
				42B2BB0527A47ECF00B85935 /* AppIcon29x29@2x-1.png */,
				42B2BAF927A47ECE00B85935 /* AppIcon29x29@2x.png */,
				42B2BAFE27A47ECE00B85935 /* AppIcon29x29@3x.png */,
				42B2BB0427A47ECF00B85935 /* AppIcon40x40.png */,
				42B2BAFC27A47ECE00B85935 /* AppIcon40x40@2x-1.png */,
				42B2BB0027A47ECE00B85935 /* AppIcon40x40@2x.png */,
				42B2BAF627A47ECD00B85935 /* AppIcon40x40@3x.png */,
				42B2BAF827A47ECD00B85935 /* AppIcon60x60@2x.png */,
				42B2BB0127A47ECF00B85935 /* AppIcon60x60@3x.png */,
				42B2BAFB27A47ECE00B85935 /* AppIcon76x76.png */,
				42B2BB0227A47ECF00B85935 /* AppIcon76x76@2x.png */,
				42B2BB0327A47ECF00B85935 /* AppIcon83.5x83.5@2x.png */,
				42B2BB0627A47ECF00B85935 /* AppIconR.png */,
			);
			path = RedAppIcon;
			sourceTree = "<group>";
		};
		42EDD22D278EADB3008549A3 /* Extensions */ = {
			isa = PBXGroup;
			children = (
				42EDD232278EB1D3008549A3 /* UIColorExtension.swift */,
				4248DA082790C75300F13CD2 /* UIFontExtension.swift */,
				4220748827A1979F007D43AA /* UICollection.swift */,
				42B2BAB827A4092900B85935 /* UIViewControllerExtension.swift */,
				42B2BAB727A4092800B85935 /* UserDefaultsExtension.swift */,
				42B2BAC727A412FA00B85935 /* UIImageExtension.swift */,
				42D4AD6C27A6E68E003CE711 /* UINavigationControllerExtension.swift */,
				42FC65FA27A551AD0091CBC9 /* NSAttributedStringExtension.swift */,
				4227B37627A5D06F004689DF /* DateExtension.swift */,
				4236D907278F29140034C01F /* PaddingLabel.swift */,
				42D2C3DC27A5A82A0007C6C1 /* FieldUILabel.swift */,
				42B2BAC027A4095400B85935 /* LightPaddingLabel.swift */,
				42D4AD6A27A676BC003CE711 /* EventButton.swift */,
			);
			path = Extensions;
			sourceTree = "<group>";
		};
/* End PBXGroup section */

/* Begin PBXNativeTarget section */
		422B2CB2276CBF04002C8AED /* Calendar */ = {
			isa = PBXNativeTarget;
			buildConfigurationList = 422B2CCA276CBF06002C8AED /* Build configuration list for PBXNativeTarget "Calendar" */;
			buildPhases = (
				422B2CAF276CBF04002C8AED /* Sources */,
				422B2CB0276CBF04002C8AED /* Frameworks */,
				422B2CB1276CBF04002C8AED /* Resources */,
			);
			buildRules = (
			);
			dependencies = (
			);
			name = Calendar;
			productName = Calendar;
			productReference = 422B2CB3276CBF04002C8AED /* Calendar.app */;
			productType = "com.apple.product-type.application";
		};
/* End PBXNativeTarget section */

/* Begin PBXProject section */
		422B2CAB276CBF04002C8AED /* Project object */ = {
			isa = PBXProject;
			attributes = {
				BuildIndependentTargetsInParallel = 1;
				LastSwiftUpdateCheck = 1320;
				LastUpgradeCheck = 1320;
				TargetAttributes = {
					422B2CB2276CBF04002C8AED = {
						CreatedOnToolsVersion = 13.2;
					};
				};
			};
			buildConfigurationList = 422B2CAE276CBF04002C8AED /* Build configuration list for PBXProject "Calendar" */;
			compatibilityVersion = "Xcode 13.0";
			developmentRegion = en;
			hasScannedForEncodings = 0;
			knownRegions = (
				en,
				Base,
			);
			mainGroup = 422B2CAA276CBF04002C8AED;
			productRefGroup = 422B2CB4276CBF04002C8AED /* Products */;
			projectDirPath = "";
			projectRoot = "";
			targets = (
				422B2CB2276CBF04002C8AED /* Calendar */,
			);
		};
/* End PBXProject section */

/* Begin PBXResourcesBuildPhase section */
		422B2CB1276CBF04002C8AED /* Resources */ = {
			isa = PBXResourcesBuildPhase;
			buildActionMask = 2147483647;
			files = (
				42B2BAF127A47EB800B85935 /* AppIcon229x29.png in Resources */,
				42B2BAF027A47EB800B85935 /* AppIcon240x40@3x.png in Resources */,
				42B2BB0827A47ECF00B85935 /* AppIcon29x29.png in Resources */,
				42B2BAED27A47EB800B85935 /* AppIcon220x20@2x-1.png in Resources */,
				422B2CC6276CBF06002C8AED /* LaunchScreen.storyboard in Resources */,
				42B2BB0E27A47ECF00B85935 /* AppIcon20x20@2x.png in Resources */,
				42B2BAEF27A47EB800B85935 /* AppIcon276x76@2x.png in Resources */,
				42B2BB0C27A47ECF00B85935 /* AppIcon76x76.png in Resources */,
				42B2BAF327A47EB800B85935 /* AppIcon240x40@2x-1.png in Resources */,
				42B2BB1027A47ECF00B85935 /* AppIcon20x20@2x-1.png in Resources */,
				42B2BB0F27A47ECF00B85935 /* AppIcon29x29@3x.png in Resources */,
				42B2BAEE27A47EB800B85935 /* AppIcon260x60@3x.png in Resources */,
				42B2BACF27A47DF600B85935 /* icon.png in Resources */,
				42B2BAEC27A47EB800B85935 /* AppIcon240x40.png in Resources */,
				42B2BB0927A47ECF00B85935 /* AppIcon60x60@2x.png in Resources */,
				42B2BAF427A47EB800B85935 /* AppIcon260x60@2x.png in Resources */,
				422B2CC3276CBF06002C8AED /* Assets.xcassets in Resources */,
				42B2BB1627A47ECF00B85935 /* AppIcon29x29@2x-1.png in Resources */,
				42B2BB0A27A47ECF00B85935 /* AppIcon29x29@2x.png in Resources */,
				42B2BB0727A47ECF00B85935 /* AppIcon40x40@3x.png in Resources */,
				42B2BB0B27A47ECF00B85935 /* AppIcon20x20@3x.png in Resources */,
				42B2BB1127A47ECF00B85935 /* AppIcon40x40@2x.png in Resources */,
				42B2BAE627A47EB800B85935 /* AppIcon229x29@2x-1.png in Resources */,
				42B2BB0D27A47ECF00B85935 /* AppIcon40x40@2x-1.png in Resources */,
				42B2BAE927A47EB800B85935 /* AppIcon240x40@2x.png in Resources */,
				42B2BAD327A47E7100B85935 /* AppIcon20x20.png in Resources */,
				42B2BAEA27A47EB800B85935 /* AppIcon220x20@3x.png in Resources */,
				42B2BB1427A47ECF00B85935 /* AppIcon83.5x83.5@2x.png in Resources */,
				42B2BB1527A47ECF00B85935 /* AppIcon40x40.png in Resources */,
				42B2BAF227A47EB800B85935 /* AppIcon220x20@2x.png in Resources */,
				42B2BAE727A47EB800B85935 /* AppIcon276x76.png in Resources */,
				42B2BAE527A47EB800B85935 /* AppIcon229x29@2x.png in Resources */,
				422B2CBE276CBF04002C8AED /* Main.storyboard in Resources */,
				42B2BACE27A47DF600B85935 /* icon2.png in Resources */,
				42B2BAEB27A47EB800B85935 /* AppIcon220x20.png in Resources */,
				42B2BB1327A47ECF00B85935 /* AppIcon76x76@2x.png in Resources */,
				42B2BAF527A47EB800B85935 /* AppIcon229x29@3x.png in Resources */,
				42B2BB1927A4808F00B85935 /* AppIconG.png in Resources */,
				42B2BB1227A47ECF00B85935 /* AppIcon60x60@3x.png in Resources */,
				42B2BAE827A47EB800B85935 /* AppIcon283.5x83.5@2x.png in Resources */,
				42B2BB1727A47ECF00B85935 /* AppIconR.png in Resources */,
			);
			runOnlyForDeploymentPostprocessing = 0;
		};
/* End PBXResourcesBuildPhase section */

/* Begin PBXSourcesBuildPhase section */
		422B2CAF276CBF04002C8AED /* Sources */ = {
			isa = PBXSourcesBuildPhase;
			buildActionMask = 2147483647;
			files = (
				FBE5029E27A06CC6001FEAEA /* TableViewCell.swift in Sources */,
				F2FFF7EC2795B9B8009F7CA1 /* EditEventController.swift in Sources */,
				42B2BAC627A409A800B85935 /* PreferencesViewController.swift in Sources */,
				42B2BABA27A4092900B85935 /* UIViewControllerExtension.swift in Sources */,
				42B2BABC27A4093500B85935 /* ThemeHelper.swift in Sources */,
				4236D912278F42B80034C01F /* CalendarYear.swift in Sources */,
				5947038C27A034550000A6B7 /* DayCell.swift in Sources */,
				42BBE021279C8B0C00FAAED0 /* DayViewController.swift in Sources */,
				4236D904278EFB540034C01F /* CalendarViewController.swift in Sources */,
				F27B65D5279A0F5600BFF8BC /* EventsStruct.swift in Sources */,
				FBE502A227A0A27C001FEAEA /* SearchTableViewController.swift in Sources */,
				42D7E8CB27947EA3009FB999 /* WeekCollectionViewFlowLayout.swift in Sources */,
				4227B37527A5CDB4004689DF /* PreferenceViewDataSource.swift in Sources */,
				42B2BAB927A4092900B85935 /* UserDefaultsExtension.swift in Sources */,
				F240D73E27945137006F5CD2 /* AddEventController.swift in Sources */,
				422B2CD4276CC205002C8AED /* MonthCollectionViewFlowLayout.swift in Sources */,
				42EDD233278EB1D3008549A3 /* UIColorExtension.swift in Sources */,
				F240D7402794519F006F5CD2 /* EventListController.swift in Sources */,
				F27B65E527A6450800BFF8BC /* CopyDetailsController.swift in Sources */,
				42D7E8C927947E92009FB999 /* WeekCollectionViewDataSource.swift in Sources */,
				4236D90C278F3E710034C01F /* YearCell.swift in Sources */,
				4236D906278F0FBD0034C01F /* CalendarTabBarController.swift in Sources */,
				422B2CBB276CBF04002C8AED /* ViewController.swift in Sources */,
				422B2CDB276CCCCD002C8AED /* MonthHeader.swift in Sources */,
				42FC65FB27A551AE0091CBC9 /* NSAttributedStringExtension.swift in Sources */,
				4220748927A1979F007D43AA /* UICollection.swift in Sources */,
				42D4AD6B27A676BC003CE711 /* EventButton.swift in Sources */,
				422B2CDF276CD617002C8AED /* MonthViewController.swift in Sources */,
				422B2CDD276CCFA0002C8AED /* CalendarMonth.swift in Sources */,
				42B2BAC327A4095400B85935 /* LightPaddingLabel.swift in Sources */,
				4248DA092790C75300F13CD2 /* UIFontExtension.swift in Sources */,
				422B2CB7276CBF04002C8AED /* AppDelegate.swift in Sources */,
				4236D910278F41650034C01F /* YearCollectionViewFlowLayout.swift in Sources */,
				4216DE4C2795BCD50045362A /* CalendarWeek.swift in Sources */,
				422B2CB9276CBF04002C8AED /* SceneDelegate.swift in Sources */,
				42D4AD6D27A6E68E003CE711 /* UINavigationControllerExtension.swift in Sources */,
				422B2CCF276CC132002C8AED /* CalendarHelper.swift in Sources */,
				42D7E8C3279471ED009FB999 /* WeekDayCell.swift in Sources */,
				42B2BAC827A412FA00B85935 /* UIImageExtension.swift in Sources */,
				42B2BAC427A4095400B85935 /* PreferenceHeader.swift in Sources */,
				4236D90E278F41520034C01F /* YearCollectionViewDataSource.swift in Sources */,
				F2FFF7EA2795B991009F7CA1 /* EventDetailsController.swift in Sources */,
				4236D908278F29140034C01F /* PaddingLabel.swift in Sources */,
				4227B37727A5D06F004689DF /* DateExtension.swift in Sources */,
				42D7E8C7279479F9009FB999 /* EventCell.swift in Sources */,
				422B2D35276CF33F002C8AED /* CalendarDay.swift in Sources */,
				4236D90A278F3A5A0034C01F /* YearViewController.swift in Sources */,
				597A2A7527A16A38008D0B8C /* DayHeader.swift in Sources */,
				422B2CD6276CCB8F002C8AED /* MonthCollectionViewDataSource.swift in Sources */,
				42EDD231278EAEF8008549A3 /* Constants.swift in Sources */,
				42B2BB1B27A480EB00B85935 /* AppIconHelper.swift in Sources */,
				4248DA072790991700F13CD2 /* YearHeader.swift in Sources */,
				422B2CC1276CBF04002C8AED /* Calendar.xcdatamodeld in Sources */,
				421F70D427921984001ADEA0 /* WeekViewController.swift in Sources */,
				42B2BAC227A4095400B85935 /* PreferenceCell.swift in Sources */,
				422B2CD8276CCC87002C8AED /* MonthCell.swift in Sources */,
				42D2C3DD27A5A82B0007C6C1 /* FieldUILabel.swift in Sources */,
			);
			runOnlyForDeploymentPostprocessing = 0;
		};
/* End PBXSourcesBuildPhase section */

/* Begin PBXVariantGroup section */
		422B2CBC276CBF04002C8AED /* Main.storyboard */ = {
			isa = PBXVariantGroup;
			children = (
				422B2CBD276CBF04002C8AED /* Base */,
			);
			name = Main.storyboard;
			sourceTree = "<group>";
		};
		422B2CC4276CBF06002C8AED /* LaunchScreen.storyboard */ = {
			isa = PBXVariantGroup;
			children = (
				422B2CC5276CBF06002C8AED /* Base */,
			);
			name = LaunchScreen.storyboard;
			sourceTree = "<group>";
		};
/* End PBXVariantGroup section */

/* Begin XCBuildConfiguration section */
		422B2CC8276CBF06002C8AED /* Debug */ = {
			isa = XCBuildConfiguration;
			buildSettings = {
				ALWAYS_SEARCH_USER_PATHS = NO;
				CLANG_ANALYZER_NONNULL = YES;
				CLANG_ANALYZER_NUMBER_OBJECT_CONVERSION = YES_AGGRESSIVE;
				CLANG_CXX_LANGUAGE_STANDARD = "gnu++17";
				CLANG_CXX_LIBRARY = "libc++";
				CLANG_ENABLE_MODULES = YES;
				CLANG_ENABLE_OBJC_ARC = YES;
				CLANG_ENABLE_OBJC_WEAK = YES;
				CLANG_WARN_BLOCK_CAPTURE_AUTORELEASING = YES;
				CLANG_WARN_BOOL_CONVERSION = YES;
				CLANG_WARN_COMMA = YES;
				CLANG_WARN_CONSTANT_CONVERSION = YES;
				CLANG_WARN_DEPRECATED_OBJC_IMPLEMENTATIONS = YES;
				CLANG_WARN_DIRECT_OBJC_ISA_USAGE = YES_ERROR;
				CLANG_WARN_DOCUMENTATION_COMMENTS = YES;
				CLANG_WARN_EMPTY_BODY = YES;
				CLANG_WARN_ENUM_CONVERSION = YES;
				CLANG_WARN_INFINITE_RECURSION = YES;
				CLANG_WARN_INT_CONVERSION = YES;
				CLANG_WARN_NON_LITERAL_NULL_CONVERSION = YES;
				CLANG_WARN_OBJC_IMPLICIT_RETAIN_SELF = YES;
				CLANG_WARN_OBJC_LITERAL_CONVERSION = YES;
				CLANG_WARN_OBJC_ROOT_CLASS = YES_ERROR;
				CLANG_WARN_QUOTED_INCLUDE_IN_FRAMEWORK_HEADER = YES;
				CLANG_WARN_RANGE_LOOP_ANALYSIS = YES;
				CLANG_WARN_STRICT_PROTOTYPES = YES;
				CLANG_WARN_SUSPICIOUS_MOVE = YES;
				CLANG_WARN_UNGUARDED_AVAILABILITY = YES_AGGRESSIVE;
				CLANG_WARN_UNREACHABLE_CODE = YES;
				CLANG_WARN__DUPLICATE_METHOD_MATCH = YES;
				COPY_PHASE_STRIP = NO;
				DEBUG_INFORMATION_FORMAT = dwarf;
				ENABLE_STRICT_OBJC_MSGSEND = YES;
				ENABLE_TESTABILITY = YES;
				GCC_C_LANGUAGE_STANDARD = gnu11;
				GCC_DYNAMIC_NO_PIC = NO;
				GCC_NO_COMMON_BLOCKS = YES;
				GCC_OPTIMIZATION_LEVEL = 0;
				GCC_PREPROCESSOR_DEFINITIONS = (
					"DEBUG=1",
					"$(inherited)",
				);
				GCC_WARN_64_TO_32_BIT_CONVERSION = YES;
				GCC_WARN_ABOUT_RETURN_TYPE = YES_ERROR;
				GCC_WARN_UNDECLARED_SELECTOR = YES;
				GCC_WARN_UNINITIALIZED_AUTOS = YES_AGGRESSIVE;
				GCC_WARN_UNUSED_FUNCTION = YES;
				GCC_WARN_UNUSED_VARIABLE = YES;
				IPHONEOS_DEPLOYMENT_TARGET = 15.0;
				MTL_ENABLE_DEBUG_INFO = INCLUDE_SOURCE;
				MTL_FAST_MATH = YES;
				ONLY_ACTIVE_ARCH = YES;
				SDKROOT = iphoneos;
				SWIFT_ACTIVE_COMPILATION_CONDITIONS = DEBUG;
				SWIFT_OPTIMIZATION_LEVEL = "-Onone";
			};
			name = Debug;
		};
		422B2CC9276CBF06002C8AED /* Release */ = {
			isa = XCBuildConfiguration;
			buildSettings = {
				ALWAYS_SEARCH_USER_PATHS = NO;
				CLANG_ANALYZER_NONNULL = YES;
				CLANG_ANALYZER_NUMBER_OBJECT_CONVERSION = YES_AGGRESSIVE;
				CLANG_CXX_LANGUAGE_STANDARD = "gnu++17";
				CLANG_CXX_LIBRARY = "libc++";
				CLANG_ENABLE_MODULES = YES;
				CLANG_ENABLE_OBJC_ARC = YES;
				CLANG_ENABLE_OBJC_WEAK = YES;
				CLANG_WARN_BLOCK_CAPTURE_AUTORELEASING = YES;
				CLANG_WARN_BOOL_CONVERSION = YES;
				CLANG_WARN_COMMA = YES;
				CLANG_WARN_CONSTANT_CONVERSION = YES;
				CLANG_WARN_DEPRECATED_OBJC_IMPLEMENTATIONS = YES;
				CLANG_WARN_DIRECT_OBJC_ISA_USAGE = YES_ERROR;
				CLANG_WARN_DOCUMENTATION_COMMENTS = YES;
				CLANG_WARN_EMPTY_BODY = YES;
				CLANG_WARN_ENUM_CONVERSION = YES;
				CLANG_WARN_INFINITE_RECURSION = YES;
				CLANG_WARN_INT_CONVERSION = YES;
				CLANG_WARN_NON_LITERAL_NULL_CONVERSION = YES;
				CLANG_WARN_OBJC_IMPLICIT_RETAIN_SELF = YES;
				CLANG_WARN_OBJC_LITERAL_CONVERSION = YES;
				CLANG_WARN_OBJC_ROOT_CLASS = YES_ERROR;
				CLANG_WARN_QUOTED_INCLUDE_IN_FRAMEWORK_HEADER = YES;
				CLANG_WARN_RANGE_LOOP_ANALYSIS = YES;
				CLANG_WARN_STRICT_PROTOTYPES = YES;
				CLANG_WARN_SUSPICIOUS_MOVE = YES;
				CLANG_WARN_UNGUARDED_AVAILABILITY = YES_AGGRESSIVE;
				CLANG_WARN_UNREACHABLE_CODE = YES;
				CLANG_WARN__DUPLICATE_METHOD_MATCH = YES;
				COPY_PHASE_STRIP = NO;
				DEBUG_INFORMATION_FORMAT = "dwarf-with-dsym";
				ENABLE_NS_ASSERTIONS = NO;
				ENABLE_STRICT_OBJC_MSGSEND = YES;
				GCC_C_LANGUAGE_STANDARD = gnu11;
				GCC_NO_COMMON_BLOCKS = YES;
				GCC_WARN_64_TO_32_BIT_CONVERSION = YES;
				GCC_WARN_ABOUT_RETURN_TYPE = YES_ERROR;
				GCC_WARN_UNDECLARED_SELECTOR = YES;
				GCC_WARN_UNINITIALIZED_AUTOS = YES_AGGRESSIVE;
				GCC_WARN_UNUSED_FUNCTION = YES;
				GCC_WARN_UNUSED_VARIABLE = YES;
				IPHONEOS_DEPLOYMENT_TARGET = 15.0;
				MTL_ENABLE_DEBUG_INFO = NO;
				MTL_FAST_MATH = YES;
				SDKROOT = iphoneos;
				SWIFT_COMPILATION_MODE = wholemodule;
				SWIFT_OPTIMIZATION_LEVEL = "-O";
				VALIDATE_PRODUCT = YES;
			};
			name = Release;
		};
		422B2CCB276CBF06002C8AED /* Debug */ = {
			isa = XCBuildConfiguration;
			buildSettings = {
				ASSETCATALOG_COMPILER_APPICON_NAME = AppIcon;
				ASSETCATALOG_COMPILER_GLOBAL_ACCENT_COLOR_NAME = AccentColor;
				CODE_SIGN_ENTITLEMENTS = Calendar/Calendar.entitlements;
				CODE_SIGN_STYLE = Automatic;
				CURRENT_PROJECT_VERSION = 1;
				GENERATE_INFOPLIST_FILE = YES;
				INFOPLIST_FILE = Calendar/Info.plist;
				INFOPLIST_KEY_UIApplicationSupportsIndirectInputEvents = YES;
				INFOPLIST_KEY_UILaunchStoryboardName = LaunchScreen;
				INFOPLIST_KEY_UIMainStoryboardFile = Main;
				INFOPLIST_KEY_UISupportedInterfaceOrientations = "UIInterfaceOrientationPortrait UIInterfaceOrientationLandscapeLeft UIInterfaceOrientationLandscapeRight";
				INFOPLIST_KEY_UISupportedInterfaceOrientations_iPad = "UIInterfaceOrientationPortrait UIInterfaceOrientationPortraitUpsideDown UIInterfaceOrientationLandscapeLeft UIInterfaceOrientationLandscapeRight";
				INFOPLIST_KEY_UISupportedInterfaceOrientations_iPhone = "UIInterfaceOrientationPortrait UIInterfaceOrientationLandscapeLeft UIInterfaceOrientationLandscapeRight";
				LD_RUNPATH_SEARCH_PATHS = (
					"$(inherited)",
					"@executable_path/Frameworks",
				);
				MARKETING_VERSION = 1.0;
				PRODUCT_BUNDLE_IDENTIFIER = "de.rwth-aachen.ios.WS2122.Calendar";
				PRODUCT_NAME = "$(TARGET_NAME)";
				SWIFT_EMIT_LOC_STRINGS = YES;
				SWIFT_VERSION = 5.0;
				TARGETED_DEVICE_FAMILY = "1,2";
			};
			name = Debug;
		};
		422B2CCC276CBF06002C8AED /* Release */ = {
			isa = XCBuildConfiguration;
			buildSettings = {
				ASSETCATALOG_COMPILER_APPICON_NAME = AppIcon;
				ASSETCATALOG_COMPILER_GLOBAL_ACCENT_COLOR_NAME = AccentColor;
				CODE_SIGN_ENTITLEMENTS = Calendar/Calendar.entitlements;
				CODE_SIGN_STYLE = Automatic;
				CURRENT_PROJECT_VERSION = 1;
				GENERATE_INFOPLIST_FILE = YES;
				INFOPLIST_FILE = Calendar/Info.plist;
				INFOPLIST_KEY_UIApplicationSupportsIndirectInputEvents = YES;
				INFOPLIST_KEY_UILaunchStoryboardName = LaunchScreen;
				INFOPLIST_KEY_UIMainStoryboardFile = Main;
				INFOPLIST_KEY_UISupportedInterfaceOrientations = "UIInterfaceOrientationPortrait UIInterfaceOrientationLandscapeLeft UIInterfaceOrientationLandscapeRight";
				INFOPLIST_KEY_UISupportedInterfaceOrientations_iPad = "UIInterfaceOrientationPortrait UIInterfaceOrientationPortraitUpsideDown UIInterfaceOrientationLandscapeLeft UIInterfaceOrientationLandscapeRight";
				INFOPLIST_KEY_UISupportedInterfaceOrientations_iPhone = "UIInterfaceOrientationPortrait UIInterfaceOrientationLandscapeLeft UIInterfaceOrientationLandscapeRight";
				LD_RUNPATH_SEARCH_PATHS = (
					"$(inherited)",
					"@executable_path/Frameworks",
				);
				MARKETING_VERSION = 1.0;
				PRODUCT_BUNDLE_IDENTIFIER = "de.rwth-aachen.ios.WS2122.Calendar";
				PRODUCT_NAME = "$(TARGET_NAME)";
				SWIFT_EMIT_LOC_STRINGS = YES;
				SWIFT_VERSION = 5.0;
				TARGETED_DEVICE_FAMILY = "1,2";
			};
			name = Release;
		};
/* End XCBuildConfiguration section */

/* Begin XCConfigurationList section */
		422B2CAE276CBF04002C8AED /* Build configuration list for PBXProject "Calendar" */ = {
			isa = XCConfigurationList;
			buildConfigurations = (
				422B2CC8276CBF06002C8AED /* Debug */,
				422B2CC9276CBF06002C8AED /* Release */,
			);
			defaultConfigurationIsVisible = 0;
			defaultConfigurationName = Release;
		};
		422B2CCA276CBF06002C8AED /* Build configuration list for PBXNativeTarget "Calendar" */ = {
			isa = XCConfigurationList;
			buildConfigurations = (
				422B2CCB276CBF06002C8AED /* Debug */,
				422B2CCC276CBF06002C8AED /* Release */,
			);
			defaultConfigurationIsVisible = 0;
			defaultConfigurationName = Release;
		};
/* End XCConfigurationList section */

/* Begin XCVersionGroup section */
		422B2CBF276CBF04002C8AED /* Calendar.xcdatamodeld */ = {
			isa = XCVersionGroup;
			children = (
				422B2CC0276CBF04002C8AED /* Calendar.xcdatamodel */,
			);
			currentVersion = 422B2CC0276CBF04002C8AED /* Calendar.xcdatamodel */;
			path = Calendar.xcdatamodeld;
			sourceTree = "<group>";
			versionGroupType = wrapper.xcdatamodel;
		};
/* End XCVersionGroup section */
	};
	rootObject = 422B2CAB276CBF04002C8AED /* Project object */;
}
